{
  "originHash" : "595b8fb2bcdd10e37aa39e5d29af2d93fece80830e99e80afb8985f410fd0449",
  "pins" : [
    {
      "identity" : "devicekit",
      "kind" : "remoteSourceControl",
      "location" : "https://github.com/devicekit/DeviceKit",
      "state" : {
        "revision" : "5757447e9f92c476ee2ca41ead7eb6db07936430",
        "version" : "5.4.0"
      }
    },
    {
      "identity" : "grdb.swift",
      "kind" : "remoteSourceControl",
      "location" : "https://github.com/groue/GRDB.swift",
      "state" : {
        "branch" : "master",
        "revision" : "bd9aea303d9dab3a4941ee838a0e4ff51c9448df"
      }
    }
  ],
  "version" : 3
}
