{
  "pins" : [
    {
      "identity" : "alamofire",
      "kind" : "remoteSourceControl",
      "location" : "https://github.com/Alamofire/Alamofire",
      "state" : {
        "revision" : "8dd85aee02e39dd280c75eef88ffdb86eed4b07b",
        "version" : "5.6.2"
      }
    },
    {
      "identity" : "openapikit",
      "kind" : "remoteSourceControl",
      "location" : "https://github.com/mattpolzin/OpenAPIKit.git",
      "state" : {
        "revision" : "b069168ebd9bac3704beab3aadff07b589aadeb2",
        "version" : "3.0.0-rc.2"
      }
    },
    {
      "identity" : "swift-algorithms",
      "kind" : "remoteSourceControl",
      "location" : "https://github.com/apple/swift-algorithms",
      "state" : {
        "revision" : "bcd4f369ac962bc3e5244c9df778739f8f5bdbf1",
        "version" : "1.1.0"
      }
    },
    {
      "identity" : "swift-argument-parser",
      "kind" : "remoteSourceControl",
      "location" : "https://github.com/apple/swift-argument-parser.git",
      "state" : {
        "revision" : "8f4d2753f0e4778c76d5f05ad16c74f707390531",
        "version" : "1.2.3"
      }
    },
    {
      "identity" : "swift-http-types",
      "kind" : "remoteSourceControl",
      "location" : "https://github.com/apple/swift-http-types",
      "state" : {
        "revision" : "99d066e29effa8845e4761dd3f2f831edfdf8925",
        "version" : "1.0.0"
      }
    },
    {
      "identity" : "swift-numerics",
      "kind" : "remoteSourceControl",
      "location" : "https://github.com/apple/swift-numerics.git",
      "state" : {
        "revision" : "0a5bc04095a675662cf24757cc0640aa2204253b",
        "version" : "1.0.2"
      }
    },
    {
      "identity" : "swift-openapi-generator",
      "kind" : "remoteSourceControl",
      "location" : "https://github.com/apple/swift-openapi-generator",
      "state" : {
        "revision" : "dfdbd72ade44a4bfc0e484c888967164b50cc19a",
        "version" : "0.3.2"
      }
    },
    {
      "identity" : "swift-openapi-runtime",
      "kind" : "remoteSourceControl",
      "location" : "https://github.com/apple/swift-openapi-runtime",
      "state" : {
        "revision" : "ad8bf04ca5706eb71a34059992be78d08645b8e7",
        "version" : "0.3.5"
      }
    },
    {
      "identity" : "swift-openapi-urlsession",
      "kind" : "remoteSourceControl",
      "location" : "https://github.com/apple/swift-openapi-urlsession",
      "state" : {
        "revision" : "2a676df437aeb50ddf8ecb0ad327d14f078d6cb6",
        "version" : "0.3.0"
      }
    },
    {
      "identity" : "yams",
      "kind" : "remoteSourceControl",
      "location" : "https://github.com/jpsim/Yams.git",
      "state" : {
        "revision" : "0d9ee7ea8c4ebd4a489ad7a73d5c6cad55d6fed3",
        "version" : "5.0.6"
      }
    }
  ],
  "version" : 2
}
