// !$*UTF8*$!
{
	archiveVersion = 1;
	classes = {
	};
	objectVersion = 56;
	objects = {

/* Begin PBXBuildFile section */
		B500D3592B025ED40001576B /* LoadModelActor.swift in Sources */ = {isa = PBXBuildFile; fileRef = B500D3582B025ED40001576B /* LoadModelActor.swift */; };
		B5024EB22AE1A20F00F60449 /* EditAccount.swift in Sources */ = {isa = PBXBuildFile; fileRef = B5024EB12AE1A20F00F60449 /* EditAccount.swift */; };
		B504B7E52AE46EEB0078643A /* UserAPI.swift in Sources */ = {isa = PBXBuildFile; fileRef = B504B7E42AE46EEB0078643A /* UserAPI.swift */; };
		B504B7E72AE526DA0078643A /* PlusNewAccount.swift in Sources */ = {isa = PBXBuildFile; fileRef = B504B7E62AE526DA0078643A /* PlusNewAccount.swift */; };
		B510BE8D2AE01A70002CDB54 /* BudgetBar.swift in Sources */ = {isa = PBXBuildFile; fileRef = B510BE8C2AE01A70002CDB54 /* BudgetBar.swift */; };
		B510BE8F2AE03109002CDB54 /* BudgetDetails.swift in Sources */ = {isa = PBXBuildFile; fileRef = B510BE8E2AE03109002CDB54 /* BudgetDetails.swift */; };
		B510BE942AE06273002CDB54 /* AccountGroup.swift in Sources */ = {isa = PBXBuildFile; fileRef = B510BE932AE06273002CDB54 /* AccountGroup.swift */; };
		B52A7DEC2AE8292200CDE0A3 /* RegisterView.swift in Sources */ = {isa = PBXBuildFile; fileRef = B52A7DEB2AE8292100CDE0A3 /* RegisterView.swift */; };
		B531E6DE2AE30C3B00996520 /* Launch Screen.storyboard in Resources */ = {isa = PBXBuildFile; fileRef = B531E6DD2AE30C3B00996520 /* Launch Screen.storyboard */; };
		B531E6E02AE41A3000996520 /* Currencies.swift in Sources */ = {isa = PBXBuildFile; fileRef = B531E6DF2AE41A3000996520 /* Currencies.swift */; };
		B54254852AF5218C008ECC33 /* TransactionFilterView.swift in Sources */ = {isa = PBXBuildFile; fileRef = B54254842AF5218C008ECC33 /* TransactionFilterView.swift */; };
		B54B09B72AEED085002914B9 /* User.swift in Sources */ = {isa = PBXBuildFile; fileRef = B54B09B62AEED085002914B9 /* User.swift */; };
		B557AA0E290D959F00631421 /* API.swift in Sources */ = {isa = PBXBuildFile; fileRef = B557AA0D290D959F00631421 /* API.swift */; };
		B5610EFD28FC98B50063AFEB /* TransactionModels.swift in Sources */ = {isa = PBXBuildFile; fileRef = B5610EFC28FC98B50063AFEB /* TransactionModels.swift */; };
		B5610F0428FC9A420063AFEB /* TransactionAPI.swift in Sources */ = {isa = PBXBuildFile; fileRef = B5610F0328FC9A420063AFEB /* TransactionAPI.swift */; };
		B5624DD32AEB996C00346BB3 /* Logger.swift in Sources */ = {isa = PBXBuildFile; fileRef = B5624DD22AEB996C00346BB3 /* Logger.swift */; };
		B562FBFB2ADD63F2005E7C15 /* BudgetsList.swift in Sources */ = {isa = PBXBuildFile; fileRef = B562FBFA2ADD63F2005E7C15 /* BudgetsList.swift */; };
		B58705762900956D004C77DD /* README.md in Resources */ = {isa = PBXBuildFile; fileRef = B58705752900956D004C77DD /* README.md */; };
		B593F9552AE1CCB000378E17 /* EditTransaction.swift in Sources */ = {isa = PBXBuildFile; fileRef = B593F9542AE1CCB000378E17 /* EditTransaction.swift */; };
		B596E60A2A278CC1007D7E6D /* AccountModels.swift in Sources */ = {isa = PBXBuildFile; fileRef = B596E6092A278CC1007D7E6D /* AccountModels.swift */; };
		B59F0F2128FDC7C000AA33A9 /* AccountCategoryView.swift in Sources */ = {isa = PBXBuildFile; fileRef = B59F0F2028FDC7C000AA33A9 /* AccountCategoryView.swift */; };
		B59F0F2628FDD30F00AA33A9 /* AccountCirclesView.swift in Sources */ = {isa = PBXBuildFile; fileRef = B59F0F2528FDD30F00AA33A9 /* AccountCirclesView.swift */; };
		B59F0F2928FDD4C200AA33A9 /* AccountGroupSelector.swift in Sources */ = {isa = PBXBuildFile; fileRef = B59F0F2828FDD4C200AA33A9 /* AccountGroupSelector.swift */; };
		B5B950432ADF16B300798F8C /* BudgetRow.swift in Sources */ = {isa = PBXBuildFile; fileRef = B5B950422ADF16B300798F8C /* BudgetRow.swift */; };
		B5B950452ADF16FF00798F8C /* Line.swift in Sources */ = {isa = PBXBuildFile; fileRef = B5B950442ADF16FF00798F8C /* Line.swift */; };
		B5B9504C2ADF18BC00798F8C /* QuickStatistic.swift in Sources */ = {isa = PBXBuildFile; fileRef = B5B9504B2ADF18BC00798F8C /* QuickStatistic.swift */; };
		B5B9504F2ADF235A00798F8C /* Profile.swift in Sources */ = {isa = PBXBuildFile; fileRef = B5B9504E2ADF235A00798F8C /* Profile.swift */; };
		B5B950532ADF24A900798F8C /* AccountCircleItem.swift in Sources */ = {isa = PBXBuildFile; fileRef = B5B950522ADF24A900798F8C /* AccountCircleItem.swift */; };
		B5B950552ADF258700798F8C /* TransactionRow.swift in Sources */ = {isa = PBXBuildFile; fileRef = B5B950542ADF258700798F8C /* TransactionRow.swift */; };
		B5B950572ADF261700798F8C /* QuickStatisticView.swift in Sources */ = {isa = PBXBuildFile; fileRef = B5B950562ADF261700798F8C /* QuickStatisticView.swift */; };
		B5B950592ADF274E00798F8C /* AccountCard.swift in Sources */ = {isa = PBXBuildFile; fileRef = B5B950582ADF274E00798F8C /* AccountCard.swift */; };
		B5C0C31C2AEAD9E70016990E /* HidedAccountsList.swift in Sources */ = {isa = PBXBuildFile; fileRef = B5C0C31B2AEAD9E70016990E /* HidedAccountsList.swift */; };
		B5CF4C652B0354B700CA0CEC /* PreviewModelContainer.swift in Sources */ = {isa = PBXBuildFile; fileRef = B5CF4C642B0354B700CA0CEC /* PreviewModelContainer.swift */; };
		B5CF7D342AE57A9B0086C0B6 /* CurrencyFormatter.swift in Sources */ = {isa = PBXBuildFile; fileRef = B5CF7D332AE57A9B0086C0B6 /* CurrencyFormatter.swift */; };
		B5D143B22906A64000875037 /* ErrorModel.swift in Sources */ = {isa = PBXBuildFile; fileRef = B5D143B12906A64000875037 /* ErrorModel.swift */; };
		B5D143B42906A66400875037 /* AuthModels.swift in Sources */ = {isa = PBXBuildFile; fileRef = B5D143B32906A66400875037 /* AuthModels.swift */; };
		B5D143B62906B4EC00875037 /* AuthAPI.swift in Sources */ = {isa = PBXBuildFile; fileRef = B5D143B52906B4EC00875037 /* AuthAPI.swift */; };
		B5D143B82906B4F800875037 /* AccountAPI.swift in Sources */ = {isa = PBXBuildFile; fileRef = B5D143B72906B4F800875037 /* AccountAPI.swift */; };
		B5E6C1942AF2AF9500097067 /* CurrencyRates.swift in Sources */ = {isa = PBXBuildFile; fileRef = B5E6C1932AF2AF9500097067 /* CurrencyRates.swift */; };
		B5E8933028FF090B002AC30C /* SnapCarousel.swift in Sources */ = {isa = PBXBuildFile; fileRef = B5E8932F28FF090B002AC30C /* SnapCarousel.swift */; };
		B5E89332290073C5002AC30C /* LoginView.swift in Sources */ = {isa = PBXBuildFile; fileRef = B5E89331290073C5002AC30C /* LoginView.swift */; };
		B5F9CC6328F01CA80037A21A /* CoinApp.swift in Sources */ = {isa = PBXBuildFile; fileRef = B5F9CC6228F01CA80037A21A /* CoinApp.swift */; };
		B5F9CC6728F01CA90037A21A /* Assets.xcassets in Resources */ = {isa = PBXBuildFile; fileRef = B5F9CC6628F01CA90037A21A /* Assets.xcassets */; };
		B5F9CC6A28F01CA90037A21A /* Preview Assets.xcassets in Resources */ = {isa = PBXBuildFile; fileRef = B5F9CC6928F01CA90037A21A /* Preview Assets.xcassets */; };
		B5F9CC7128F01E1A0037A21A /* ContentView.swift in Sources */ = {isa = PBXBuildFile; fileRef = B5F9CC7028F01E1A0037A21A /* ContentView.swift */; };
		B5F9CC7328F01E4D0037A21A /* Transaction.swift in Sources */ = {isa = PBXBuildFile; fileRef = B5F9CC7228F01E4D0037A21A /* Transaction.swift */; };
		B5FB6AA428F3D62D00C2A2AC /* TransactionsList.swift in Sources */ = {isa = PBXBuildFile; fileRef = B5FB6AA328F3D62D00C2A2AC /* TransactionsList.swift */; };
		B5FB6AAA28F3D72300C2A2AC /* Account.swift in Sources */ = {isa = PBXBuildFile; fileRef = B5FB6AA928F3D72300C2A2AC /* Account.swift */; };
		B5FB6AAE28F3D86000C2A2AC /* AccountsHomeView.swift in Sources */ = {isa = PBXBuildFile; fileRef = B5FB6AAD28F3D86000C2A2AC /* AccountsHomeView.swift */; };
		B5FF351E2AEC091F007694F9 /* Defaults.swift in Sources */ = {isa = PBXBuildFile; fileRef = B5FF351D2AEC091F007694F9 /* Defaults.swift */; };
/* End PBXBuildFile section */

/* Begin PBXFileReference section */
		B500D3582B025ED40001576B /* LoadModelActor.swift */ = {isa = PBXFileReference; lastKnownFileType = sourcecode.swift; path = LoadModelActor.swift; sourceTree = "<group>"; };
		B5024EB12AE1A20F00F60449 /* EditAccount.swift */ = {isa = PBXFileReference; lastKnownFileType = sourcecode.swift; path = EditAccount.swift; sourceTree = "<group>"; };
		B504B7E42AE46EEB0078643A /* UserAPI.swift */ = {isa = PBXFileReference; lastKnownFileType = sourcecode.swift; path = UserAPI.swift; sourceTree = "<group>"; };
		B504B7E62AE526DA0078643A /* PlusNewAccount.swift */ = {isa = PBXFileReference; lastKnownFileType = sourcecode.swift; path = PlusNewAccount.swift; sourceTree = "<group>"; };
		B510BE8C2AE01A70002CDB54 /* BudgetBar.swift */ = {isa = PBXFileReference; lastKnownFileType = sourcecode.swift; path = BudgetBar.swift; sourceTree = "<group>"; };
		B510BE8E2AE03109002CDB54 /* BudgetDetails.swift */ = {isa = PBXFileReference; lastKnownFileType = sourcecode.swift; path = BudgetDetails.swift; sourceTree = "<group>"; };
		B510BE932AE06273002CDB54 /* AccountGroup.swift */ = {isa = PBXFileReference; lastKnownFileType = sourcecode.swift; path = AccountGroup.swift; sourceTree = "<group>"; };
		B52A7DEB2AE8292100CDE0A3 /* RegisterView.swift */ = {isa = PBXFileReference; lastKnownFileType = sourcecode.swift; path = RegisterView.swift; sourceTree = "<group>"; };
		B531E6DD2AE30C3B00996520 /* Launch Screen.storyboard */ = {isa = PBXFileReference; lastKnownFileType = file.storyboard; path = "Launch Screen.storyboard"; sourceTree = "<group>"; };
		B531E6DF2AE41A3000996520 /* Currencies.swift */ = {isa = PBXFileReference; lastKnownFileType = sourcecode.swift; path = Currencies.swift; sourceTree = "<group>"; };
		B54254842AF5218C008ECC33 /* TransactionFilterView.swift */ = {isa = PBXFileReference; lastKnownFileType = sourcecode.swift; path = TransactionFilterView.swift; sourceTree = "<group>"; };
		B54B09B62AEED085002914B9 /* User.swift */ = {isa = PBXFileReference; lastKnownFileType = sourcecode.swift; path = User.swift; sourceTree = "<group>"; };
		B557AA0D290D959F00631421 /* API.swift */ = {isa = PBXFileReference; lastKnownFileType = sourcecode.swift; path = API.swift; sourceTree = "<group>"; };
		B5610EFC28FC98B50063AFEB /* TransactionModels.swift */ = {isa = PBXFileReference; lastKnownFileType = sourcecode.swift; path = TransactionModels.swift; sourceTree = "<group>"; };
		B5610F0328FC9A420063AFEB /* TransactionAPI.swift */ = {isa = PBXFileReference; lastKnownFileType = sourcecode.swift; path = TransactionAPI.swift; sourceTree = "<group>"; };
		B5624DD22AEB996C00346BB3 /* Logger.swift */ = {isa = PBXFileReference; lastKnownFileType = sourcecode.swift; path = Logger.swift; sourceTree = "<group>"; };
		B562FBFA2ADD63F2005E7C15 /* BudgetsList.swift */ = {isa = PBXFileReference; lastKnownFileType = sourcecode.swift; path = BudgetsList.swift; sourceTree = "<group>"; };
		B58705752900956D004C77DD /* README.md */ = {isa = PBXFileReference; lastKnownFileType = net.daringfireball.markdown; path = README.md; sourceTree = "<group>"; };
		B593F9542AE1CCB000378E17 /* EditTransaction.swift */ = {isa = PBXFileReference; lastKnownFileType = sourcecode.swift; path = EditTransaction.swift; sourceTree = "<group>"; };
		B596E6092A278CC1007D7E6D /* AccountModels.swift */ = {isa = PBXFileReference; lastKnownFileType = sourcecode.swift; path = AccountModels.swift; sourceTree = "<group>"; };
		B59F0F2028FDC7C000AA33A9 /* AccountCategoryView.swift */ = {isa = PBXFileReference; lastKnownFileType = sourcecode.swift; path = AccountCategoryView.swift; sourceTree = "<group>"; };
		B59F0F2528FDD30F00AA33A9 /* AccountCirclesView.swift */ = {isa = PBXFileReference; lastKnownFileType = sourcecode.swift; path = AccountCirclesView.swift; sourceTree = "<group>"; };
		B59F0F2828FDD4C200AA33A9 /* AccountGroupSelector.swift */ = {isa = PBXFileReference; lastKnownFileType = sourcecode.swift; path = AccountGroupSelector.swift; sourceTree = "<group>"; };
		B5B950422ADF16B300798F8C /* BudgetRow.swift */ = {isa = PBXFileReference; lastKnownFileType = sourcecode.swift; path = BudgetRow.swift; sourceTree = "<group>"; };
		B5B950442ADF16FF00798F8C /* Line.swift */ = {isa = PBXFileReference; lastKnownFileType = sourcecode.swift; path = Line.swift; sourceTree = "<group>"; };
		B5B9504B2ADF18BC00798F8C /* QuickStatistic.swift */ = {isa = PBXFileReference; lastKnownFileType = sourcecode.swift; path = QuickStatistic.swift; sourceTree = "<group>"; };
		B5B9504E2ADF235A00798F8C /* Profile.swift */ = {isa = PBXFileReference; lastKnownFileType = sourcecode.swift; path = Profile.swift; sourceTree = "<group>"; };
		B5B950522ADF24A900798F8C /* AccountCircleItem.swift */ = {isa = PBXFileReference; lastKnownFileType = sourcecode.swift; path = AccountCircleItem.swift; sourceTree = "<group>"; };
		B5B950542ADF258700798F8C /* TransactionRow.swift */ = {isa = PBXFileReference; lastKnownFileType = sourcecode.swift; path = TransactionRow.swift; sourceTree = "<group>"; };
		B5B950562ADF261700798F8C /* QuickStatisticView.swift */ = {isa = PBXFileReference; lastKnownFileType = sourcecode.swift; path = QuickStatisticView.swift; sourceTree = "<group>"; };
		B5B950582ADF274E00798F8C /* AccountCard.swift */ = {isa = PBXFileReference; lastKnownFileType = sourcecode.swift; path = AccountCard.swift; sourceTree = "<group>"; };
		B5C0C31B2AEAD9E70016990E /* HidedAccountsList.swift */ = {isa = PBXFileReference; lastKnownFileType = sourcecode.swift; path = HidedAccountsList.swift; sourceTree = "<group>"; };
		B5CF4C642B0354B700CA0CEC /* PreviewModelContainer.swift */ = {isa = PBXFileReference; lastKnownFileType = sourcecode.swift; path = PreviewModelContainer.swift; sourceTree = "<group>"; };
		B5CF7D332AE57A9B0086C0B6 /* CurrencyFormatter.swift */ = {isa = PBXFileReference; lastKnownFileType = sourcecode.swift; path = CurrencyFormatter.swift; sourceTree = "<group>"; };
		B5D143B12906A64000875037 /* ErrorModel.swift */ = {isa = PBXFileReference; lastKnownFileType = sourcecode.swift; path = ErrorModel.swift; sourceTree = "<group>"; };
		B5D143B32906A66400875037 /* AuthModels.swift */ = {isa = PBXFileReference; lastKnownFileType = sourcecode.swift; path = AuthModels.swift; sourceTree = "<group>"; };
		B5D143B52906B4EC00875037 /* AuthAPI.swift */ = {isa = PBXFileReference; lastKnownFileType = sourcecode.swift; path = AuthAPI.swift; sourceTree = "<group>"; };
		B5D143B72906B4F800875037 /* AccountAPI.swift */ = {isa = PBXFileReference; lastKnownFileType = sourcecode.swift; path = AccountAPI.swift; sourceTree = "<group>"; };
		B5E6C1932AF2AF9500097067 /* CurrencyRates.swift */ = {isa = PBXFileReference; lastKnownFileType = sourcecode.swift; path = CurrencyRates.swift; sourceTree = "<group>"; };
		B5E8932F28FF090B002AC30C /* SnapCarousel.swift */ = {isa = PBXFileReference; lastKnownFileType = sourcecode.swift; path = SnapCarousel.swift; sourceTree = "<group>"; };
		B5E89331290073C5002AC30C /* LoginView.swift */ = {isa = PBXFileReference; lastKnownFileType = sourcecode.swift; path = LoginView.swift; sourceTree = "<group>"; };
		B5F9CC5F28F01CA80037A21A /* Coin.app */ = {isa = PBXFileReference; explicitFileType = wrapper.application; includeInIndex = 0; path = Coin.app; sourceTree = BUILT_PRODUCTS_DIR; };
		B5F9CC6228F01CA80037A21A /* CoinApp.swift */ = {isa = PBXFileReference; lastKnownFileType = sourcecode.swift; path = CoinApp.swift; sourceTree = "<group>"; };
		B5F9CC6628F01CA90037A21A /* Assets.xcassets */ = {isa = PBXFileReference; lastKnownFileType = folder.assetcatalog; path = Assets.xcassets; sourceTree = "<group>"; };
		B5F9CC6928F01CA90037A21A /* Preview Assets.xcassets */ = {isa = PBXFileReference; lastKnownFileType = folder.assetcatalog; path = "Preview Assets.xcassets"; sourceTree = "<group>"; };
		B5F9CC7028F01E1A0037A21A /* ContentView.swift */ = {isa = PBXFileReference; lastKnownFileType = sourcecode.swift; path = ContentView.swift; sourceTree = "<group>"; };
		B5F9CC7228F01E4D0037A21A /* Transaction.swift */ = {isa = PBXFileReference; lastKnownFileType = sourcecode.swift; path = Transaction.swift; sourceTree = "<group>"; };
		B5FB6AA328F3D62D00C2A2AC /* TransactionsList.swift */ = {isa = PBXFileReference; lastKnownFileType = sourcecode.swift; path = TransactionsList.swift; sourceTree = "<group>"; };
		B5FB6AA928F3D72300C2A2AC /* Account.swift */ = {isa = PBXFileReference; lastKnownFileType = sourcecode.swift; path = Account.swift; sourceTree = "<group>"; };
		B5FB6AAD28F3D86000C2A2AC /* AccountsHomeView.swift */ = {isa = PBXFileReference; lastKnownFileType = sourcecode.swift; path = AccountsHomeView.swift; sourceTree = "<group>"; };
		B5FF351D2AEC091F007694F9 /* Defaults.swift */ = {isa = PBXFileReference; lastKnownFileType = sourcecode.swift; path = Defaults.swift; sourceTree = "<group>"; };
/* End PBXFileReference section */

/* Begin PBXFrameworksBuildPhase section */
		B5F9CC5C28F01CA80037A21A /* Frameworks */ = {
			isa = PBXFrameworksBuildPhase;
			buildActionMask = 2147483647;
			files = (
			);
			runOnlyForDeploymentPostprocessing = 0;
		};
/* End PBXFrameworksBuildPhase section */

/* Begin PBXGroup section */
		B559E9D42B00FA1700A430D2 /* General */ = {
			isa = PBXGroup;
			children = (
				B59F0F2828FDD4C200AA33A9 /* AccountGroupSelector.swift */,
				B5E8932F28FF090B002AC30C /* SnapCarousel.swift */,
				B5B950562ADF261700798F8C /* QuickStatisticView.swift */,
				B5B950442ADF16FF00798F8C /* Line.swift */,
			);
			path = General;
			sourceTree = "<group>";
		};
		B559E9D52B00FA9400A430D2 /* Accounts */ = {
			isa = PBXGroup;
			children = (
				B5B950482ADF17C400798F8C /* AccountCircles */,
				B5FB6AA528F3D67800C2A2AC /* AccountsHome */,
			);
			path = Accounts;
			sourceTree = "<group>";
		};
		B5610F0228FC9A270063AFEB /* Network */ = {
			isa = PBXGroup;
			children = (
				B59D458928FE537700773D46 /* Model */,
				B5610F0328FC9A420063AFEB /* TransactionAPI.swift */,
				B5D143B52906B4EC00875037 /* AuthAPI.swift */,
				B5D143B72906B4F800875037 /* AccountAPI.swift */,
				B557AA0D290D959F00631421 /* API.swift */,
				B504B7E42AE46EEB0078643A /* UserAPI.swift */,
				B5FF351D2AEC091F007694F9 /* Defaults.swift */,
			);
			path = Network;
			sourceTree = "<group>";
		};
		B59D458928FE537700773D46 /* Model */ = {
			isa = PBXGroup;
			children = (
				B5610EFC28FC98B50063AFEB /* TransactionModels.swift */,
				B5D143B12906A64000875037 /* ErrorModel.swift */,
				B5D143B32906A66400875037 /* AuthModels.swift */,
				B596E6092A278CC1007D7E6D /* AccountModels.swift */,
			);
			path = Model;
			sourceTree = "<group>";
		};
		B59F0F1C28FDC74000AA33A9 /* Pkg */ = {
			isa = PBXGroup;
			children = (
				B5CF7D332AE57A9B0086C0B6 /* CurrencyFormatter.swift */,
				B5624DD22AEB996C00346BB3 /* Logger.swift */,
			);
			path = Pkg;
			sourceTree = "<group>";
		};
		B5B950412ADF161900798F8C /* Budgets */ = {
			isa = PBXGroup;
			children = (
				B562FBFA2ADD63F2005E7C15 /* BudgetsList.swift */,
				B5B950422ADF16B300798F8C /* BudgetRow.swift */,
				B510BE8C2AE01A70002CDB54 /* BudgetBar.swift */,
				B510BE8E2AE03109002CDB54 /* BudgetDetails.swift */,
			);
			path = Budgets;
			sourceTree = "<group>";
		};
		B5B950482ADF17C400798F8C /* AccountCircles */ = {
			isa = PBXGroup;
			children = (
				B59F0F2528FDD30F00AA33A9 /* AccountCirclesView.swift */,
				B5B950522ADF24A900798F8C /* AccountCircleItem.swift */,
				B5024EB12AE1A20F00F60449 /* EditAccount.swift */,
				B504B7E62AE526DA0078643A /* PlusNewAccount.swift */,
			);
			path = AccountCircles;
			sourceTree = "<group>";
		};
		B5B9504A2ADF182100798F8C /* Model */ = {
			isa = PBXGroup;
			children = (
				B500D3582B025ED40001576B /* LoadModelActor.swift */,
				B5F9CC7228F01E4D0037A21A /* Transaction.swift */,
				B5FB6AA928F3D72300C2A2AC /* Account.swift */,
				B5B9504B2ADF18BC00798F8C /* QuickStatistic.swift */,
				B510BE932AE06273002CDB54 /* AccountGroup.swift */,
				B531E6DF2AE41A3000996520 /* Currencies.swift */,
				B54B09B62AEED085002914B9 /* User.swift */,
			);
			path = Model;
			sourceTree = "<group>";
		};
		B5B9504D2ADF234F00798F8C /* Profile */ = {
			isa = PBXGroup;
			children = (
				B5B9504E2ADF235A00798F8C /* Profile.swift */,
				B5C0C31B2AEAD9E70016990E /* HidedAccountsList.swift */,
				B5E6C1932AF2AF9500097067 /* CurrencyRates.swift */,
			);
			path = Profile;
			sourceTree = "<group>";
		};
		B5E89333290073D0002AC30C /* Login */ = {
			isa = PBXGroup;
			children = (
				B5E89331290073C5002AC30C /* LoginView.swift */,
				B52A7DEB2AE8292100CDE0A3 /* RegisterView.swift */,
			);
			path = Login;
			sourceTree = "<group>";
		};
		B5E8933829007C53002AC30C /* UI */ = {
			isa = PBXGroup;
			children = (
				B559E9D42B00FA1700A430D2 /* General */,
				B5B9504D2ADF234F00798F8C /* Profile */,
				B559E9D52B00FA9400A430D2 /* Accounts */,
				B5B950412ADF161900798F8C /* Budgets */,
				B5E89333290073D0002AC30C /* Login */,
				B5F9CC7028F01E1A0037A21A /* ContentView.swift */,
				B5FB6AA128F3D5EF00C2A2AC /* Transactions */,
			);
			path = UI;
			sourceTree = "<group>";
		};
		B5F9CC5628F01CA80037A21A = {
			isa = PBXGroup;
			children = (
				B58705752900956D004C77DD /* README.md */,
				B5F9CC6128F01CA80037A21A /* Coin */,
				B5F9CC6028F01CA80037A21A /* Products */,
			);
			sourceTree = "<group>";
		};
		B5F9CC6028F01CA80037A21A /* Products */ = {
			isa = PBXGroup;
			children = (
				B5F9CC5F28F01CA80037A21A /* Coin.app */,
			);
			name = Products;
			sourceTree = "<group>";
		};
		B5F9CC6128F01CA80037A21A /* Coin */ = {
			isa = PBXGroup;
			children = (
				B531E6DD2AE30C3B00996520 /* Launch Screen.storyboard */,
				B5B9504A2ADF182100798F8C /* Model */,
				B5E8933829007C53002AC30C /* UI */,
				B59F0F1C28FDC74000AA33A9 /* Pkg */,
				B5610F0228FC9A270063AFEB /* Network */,
				B5F9CC6228F01CA80037A21A /* CoinApp.swift */,
				B5F9CC6628F01CA90037A21A /* Assets.xcassets */,
				B5F9CC6828F01CA90037A21A /* Preview Content */,
			);
			path = Coin;
			sourceTree = "<group>";
		};
		B5F9CC6828F01CA90037A21A /* Preview Content */ = {
			isa = PBXGroup;
			children = (
				B5CF4C642B0354B700CA0CEC /* PreviewModelContainer.swift */,
				B5F9CC6928F01CA90037A21A /* Preview Assets.xcassets */,
			);
			path = "Preview Content";
			sourceTree = "<group>";
		};
		B5FB6AA128F3D5EF00C2A2AC /* Transactions */ = {
			isa = PBXGroup;
			children = (
				B5FB6AA328F3D62D00C2A2AC /* TransactionsList.swift */,
				B5B950542ADF258700798F8C /* TransactionRow.swift */,
				B593F9542AE1CCB000378E17 /* EditTransaction.swift */,
				B54254842AF5218C008ECC33 /* TransactionFilterView.swift */,
			);
			path = Transactions;
			sourceTree = "<group>";
		};
		B5FB6AA528F3D67800C2A2AC /* AccountsHome */ = {
			isa = PBXGroup;
			children = (
				B5FB6AAD28F3D86000C2A2AC /* AccountsHomeView.swift */,
				B59F0F2028FDC7C000AA33A9 /* AccountCategoryView.swift */,
				B5B950582ADF274E00798F8C /* AccountCard.swift */,
			);
			path = AccountsHome;
			sourceTree = "<group>";
		};
/* End PBXGroup section */

/* Begin PBXNativeTarget section */
		B5F9CC5E28F01CA80037A21A /* Coin */ = {
			isa = PBXNativeTarget;
			buildConfigurationList = B5F9CC6D28F01CA90037A21A /* Build configuration list for PBXNativeTarget "Coin" */;
			buildPhases = (
				B5F9CC5B28F01CA80037A21A /* Sources */,
				B5F9CC5C28F01CA80037A21A /* Frameworks */,
				B5F9CC5D28F01CA80037A21A /* Resources */,
			);
			buildRules = (
			);
			dependencies = (
			);
			name = Coin;
			packageProductDependencies = (
			);
			productName = Coin;
			productReference = B5F9CC5F28F01CA80037A21A /* Coin.app */;
			productType = "com.apple.product-type.application";
		};
/* End PBXNativeTarget section */

/* Begin PBXProject section */
		B5F9CC5728F01CA80037A21A /* Project object */ = {
			isa = PBXProject;
			attributes = {
				BuildIndependentTargetsInParallel = 1;
				LastSwiftUpdateCheck = 1400;
				LastUpgradeCheck = 1500;
				TargetAttributes = {
					B5F9CC5E28F01CA80037A21A = {
						CreatedOnToolsVersion = 14.0.1;
					};
				};
			};
			buildConfigurationList = B5F9CC5A28F01CA80037A21A /* Build configuration list for PBXProject "Coin" */;
			compatibilityVersion = "Xcode 14.0";
			developmentRegion = en;
			hasScannedForEncodings = 0;
			knownRegions = (
				en,
				Base,
			);
			mainGroup = B5F9CC5628F01CA80037A21A;
			packageReferences = (
			);
			productRefGroup = B5F9CC6028F01CA80037A21A /* Products */;
			projectDirPath = "";
			projectRoot = "";
			targets = (
				B5F9CC5E28F01CA80037A21A /* Coin */,
			);
		};
/* End PBXProject section */

/* Begin PBXResourcesBuildPhase section */
		B5F9CC5D28F01CA80037A21A /* Resources */ = {
			isa = PBXResourcesBuildPhase;
			buildActionMask = 2147483647;
			files = (
				B58705762900956D004C77DD /* README.md in Resources */,
				B5F9CC6A28F01CA90037A21A /* Preview Assets.xcassets in Resources */,
				B531E6DE2AE30C3B00996520 /* Launch Screen.storyboard in Resources */,
				B5F9CC6728F01CA90037A21A /* Assets.xcassets in Resources */,
			);
			runOnlyForDeploymentPostprocessing = 0;
		};
/* End PBXResourcesBuildPhase section */

/* Begin PBXSourcesBuildPhase section */
		B5F9CC5B28F01CA80037A21A /* Sources */ = {
			isa = PBXSourcesBuildPhase;
			buildActionMask = 2147483647;
			files = (
				B531E6E02AE41A3000996520 /* Currencies.swift in Sources */,
				B59F0F2128FDC7C000AA33A9 /* AccountCategoryView.swift in Sources */,
				B5D143B82906B4F800875037 /* AccountAPI.swift in Sources */,
				B596E60A2A278CC1007D7E6D /* AccountModels.swift in Sources */,
				B562FBFB2ADD63F2005E7C15 /* BudgetsList.swift in Sources */,
				B557AA0E290D959F00631421 /* API.swift in Sources */,
				B5024EB22AE1A20F00F60449 /* EditAccount.swift in Sources */,
				B5FB6AAA28F3D72300C2A2AC /* Account.swift in Sources */,
				B5FB6AAE28F3D86000C2A2AC /* AccountsHomeView.swift in Sources */,
				B510BE8D2AE01A70002CDB54 /* BudgetBar.swift in Sources */,
				B5CF7D342AE57A9B0086C0B6 /* CurrencyFormatter.swift in Sources */,
				B504B7E52AE46EEB0078643A /* UserAPI.swift in Sources */,
				B54254852AF5218C008ECC33 /* TransactionFilterView.swift in Sources */,
				B59F0F2928FDD4C200AA33A9 /* AccountGroupSelector.swift in Sources */,
				B5E8933028FF090B002AC30C /* SnapCarousel.swift in Sources */,
				B5B9504C2ADF18BC00798F8C /* QuickStatistic.swift in Sources */,
				B5D143B62906B4EC00875037 /* AuthAPI.swift in Sources */,
				B5610EFD28FC98B50063AFEB /* TransactionModels.swift in Sources */,
				B5CF4C652B0354B700CA0CEC /* PreviewModelContainer.swift in Sources */,
				B5B950452ADF16FF00798F8C /* Line.swift in Sources */,
				B52A7DEC2AE8292200CDE0A3 /* RegisterView.swift in Sources */,
				B5610F0428FC9A420063AFEB /* TransactionAPI.swift in Sources */,
				B5624DD32AEB996C00346BB3 /* Logger.swift in Sources */,
				B510BE8F2AE03109002CDB54 /* BudgetDetails.swift in Sources */,
				B5F9CC6328F01CA80037A21A /* CoinApp.swift in Sources */,
				B5C0C31C2AEAD9E70016990E /* HidedAccountsList.swift in Sources */,
				B593F9552AE1CCB000378E17 /* EditTransaction.swift in Sources */,
				B5D143B42906A66400875037 /* AuthModels.swift in Sources */,
				B5E6C1942AF2AF9500097067 /* CurrencyRates.swift in Sources */,
				B5E89332290073C5002AC30C /* LoginView.swift in Sources */,
				B5D143B22906A64000875037 /* ErrorModel.swift in Sources */,
				B5F9CC7328F01E4D0037A21A /* Transaction.swift in Sources */,
				B5B950552ADF258700798F8C /* TransactionRow.swift in Sources */,
				B5FF351E2AEC091F007694F9 /* Defaults.swift in Sources */,
				B504B7E72AE526DA0078643A /* PlusNewAccount.swift in Sources */,
				B5B950592ADF274E00798F8C /* AccountCard.swift in Sources */,
				B5B9504F2ADF235A00798F8C /* Profile.swift in Sources */,
				B500D3592B025ED40001576B /* LoadModelActor.swift in Sources */,
				B54B09B72AEED085002914B9 /* User.swift in Sources */,
				B5B950572ADF261700798F8C /* QuickStatisticView.swift in Sources */,
				B5B950432ADF16B300798F8C /* BudgetRow.swift in Sources */,
				B5F9CC7128F01E1A0037A21A /* ContentView.swift in Sources */,
				B510BE942AE06273002CDB54 /* AccountGroup.swift in Sources */,
				B59F0F2628FDD30F00AA33A9 /* AccountCirclesView.swift in Sources */,
				B5B950532ADF24A900798F8C /* AccountCircleItem.swift in Sources */,
				B5FB6AA428F3D62D00C2A2AC /* TransactionsList.swift in Sources */,
			);
			runOnlyForDeploymentPostprocessing = 0;
		};
/* End PBXSourcesBuildPhase section */

/* Begin XCBuildConfiguration section */
		B5F9CC6B28F01CA90037A21A /* Debug */ = {
			isa = XCBuildConfiguration;
			buildSettings = {
				ALWAYS_SEARCH_USER_PATHS = NO;
				CLANG_ANALYZER_NONNULL = YES;
				CLANG_ANALYZER_NUMBER_OBJECT_CONVERSION = YES_AGGRESSIVE;
				CLANG_CXX_LANGUAGE_STANDARD = "gnu++20";
				CLANG_ENABLE_MODULES = YES;
				CLANG_ENABLE_OBJC_ARC = YES;
				CLANG_ENABLE_OBJC_WEAK = YES;
				CLANG_WARN_BLOCK_CAPTURE_AUTORELEASING = YES;
				CLANG_WARN_BOOL_CONVERSION = YES;
				CLANG_WARN_COMMA = YES;
				CLANG_WARN_CONSTANT_CONVERSION = YES;
				CLANG_WARN_DEPRECATED_OBJC_IMPLEMENTATIONS = YES;
				CLANG_WARN_DIRECT_OBJC_ISA_USAGE = YES_ERROR;
				CLANG_WARN_DOCUMENTATION_COMMENTS = YES;
				CLANG_WARN_EMPTY_BODY = YES;
				CLANG_WARN_ENUM_CONVERSION = YES;
				CLANG_WARN_INFINITE_RECURSION = YES;
				CLANG_WARN_INT_CONVERSION = YES;
				CLANG_WARN_NON_LITERAL_NULL_CONVERSION = YES;
				CLANG_WARN_OBJC_IMPLICIT_RETAIN_SELF = YES;
				CLANG_WARN_OBJC_LITERAL_CONVERSION = YES;
				CLANG_WARN_OBJC_ROOT_CLASS = YES_ERROR;
				CLANG_WARN_QUOTED_INCLUDE_IN_FRAMEWORK_HEADER = YES;
				CLANG_WARN_RANGE_LOOP_ANALYSIS = YES;
				CLANG_WARN_STRICT_PROTOTYPES = YES;
				CLANG_WARN_SUSPICIOUS_MOVE = YES;
				CLANG_WARN_UNGUARDED_AVAILABILITY = YES_AGGRESSIVE;
				CLANG_WARN_UNREACHABLE_CODE = YES;
				CLANG_WARN__DUPLICATE_METHOD_MATCH = YES;
				COPY_PHASE_STRIP = NO;
				DEBUG_INFORMATION_FORMAT = dwarf;
				ENABLE_STRICT_OBJC_MSGSEND = YES;
				ENABLE_TESTABILITY = YES;
				ENABLE_USER_SCRIPT_SANDBOXING = YES;
				GCC_C_LANGUAGE_STANDARD = gnu11;
				GCC_DYNAMIC_NO_PIC = NO;
				GCC_NO_COMMON_BLOCKS = YES;
				GCC_OPTIMIZATION_LEVEL = 0;
				GCC_PREPROCESSOR_DEFINITIONS = (
					"DEBUG=1",
					"$(inherited)",
				);
				GCC_WARN_64_TO_32_BIT_CONVERSION = YES;
				GCC_WARN_ABOUT_RETURN_TYPE = YES_ERROR;
				GCC_WARN_UNDECLARED_SELECTOR = YES;
				GCC_WARN_UNINITIALIZED_AUTOS = YES_AGGRESSIVE;
				GCC_WARN_UNUSED_FUNCTION = YES;
				GCC_WARN_UNUSED_VARIABLE = YES;
				IPHONEOS_DEPLOYMENT_TARGET = 17.0;
				MTL_ENABLE_DEBUG_INFO = INCLUDE_SOURCE;
				MTL_FAST_MATH = YES;
				ONLY_ACTIVE_ARCH = YES;
				SDKROOT = iphoneos;
				SWIFT_ACTIVE_COMPILATION_CONDITIONS = DEBUG;
				SWIFT_OPTIMIZATION_LEVEL = "-Onone";
			};
			name = Debug;
		};
		B5F9CC6C28F01CA90037A21A /* Release */ = {
			isa = XCBuildConfiguration;
			buildSettings = {
				ALWAYS_SEARCH_USER_PATHS = NO;
				CLANG_ANALYZER_NONNULL = YES;
				CLANG_ANALYZER_NUMBER_OBJECT_CONVERSION = YES_AGGRESSIVE;
				CLANG_CXX_LANGUAGE_STANDARD = "gnu++20";
				CLANG_ENABLE_MODULES = YES;
				CLANG_ENABLE_OBJC_ARC = YES;
				CLANG_ENABLE_OBJC_WEAK = YES;
				CLANG_WARN_BLOCK_CAPTURE_AUTORELEASING = YES;
				CLANG_WARN_BOOL_CONVERSION = YES;
				CLANG_WARN_COMMA = YES;
				CLANG_WARN_CONSTANT_CONVERSION = YES;
				CLANG_WARN_DEPRECATED_OBJC_IMPLEMENTATIONS = YES;
				CLANG_WARN_DIRECT_OBJC_ISA_USAGE = YES_ERROR;
				CLANG_WARN_DOCUMENTATION_COMMENTS = YES;
				CLANG_WARN_EMPTY_BODY = YES;
				CLANG_WARN_ENUM_CONVERSION = YES;
				CLANG_WARN_INFINITE_RECURSION = YES;
				CLANG_WARN_INT_CONVERSION = YES;
				CLANG_WARN_NON_LITERAL_NULL_CONVERSION = YES;
				CLANG_WARN_OBJC_IMPLICIT_RETAIN_SELF = YES;
				CLANG_WARN_OBJC_LITERAL_CONVERSION = YES;
				CLANG_WARN_OBJC_ROOT_CLASS = YES_ERROR;
				CLANG_WARN_QUOTED_INCLUDE_IN_FRAMEWORK_HEADER = YES;
				CLANG_WARN_RANGE_LOOP_ANALYSIS = YES;
				CLANG_WARN_STRICT_PROTOTYPES = YES;
				CLANG_WARN_SUSPICIOUS_MOVE = YES;
				CLANG_WARN_UNGUARDED_AVAILABILITY = YES_AGGRESSIVE;
				CLANG_WARN_UNREACHABLE_CODE = YES;
				CLANG_WARN__DUPLICATE_METHOD_MATCH = YES;
				COPY_PHASE_STRIP = NO;
				DEBUG_INFORMATION_FORMAT = "dwarf-with-dsym";
				ENABLE_NS_ASSERTIONS = NO;
				ENABLE_STRICT_OBJC_MSGSEND = YES;
				ENABLE_USER_SCRIPT_SANDBOXING = YES;
				GCC_C_LANGUAGE_STANDARD = gnu11;
				GCC_NO_COMMON_BLOCKS = YES;
				GCC_WARN_64_TO_32_BIT_CONVERSION = YES;
				GCC_WARN_ABOUT_RETURN_TYPE = YES_ERROR;
				GCC_WARN_UNDECLARED_SELECTOR = YES;
				GCC_WARN_UNINITIALIZED_AUTOS = YES_AGGRESSIVE;
				GCC_WARN_UNUSED_FUNCTION = YES;
				GCC_WARN_UNUSED_VARIABLE = YES;
				IPHONEOS_DEPLOYMENT_TARGET = 17.0;
				MTL_ENABLE_DEBUG_INFO = NO;
				MTL_FAST_MATH = YES;
				SDKROOT = iphoneos;
				SWIFT_COMPILATION_MODE = wholemodule;
				SWIFT_OPTIMIZATION_LEVEL = "-O";
				VALIDATE_PRODUCT = YES;
			};
			name = Release;
		};
		B5F9CC6E28F01CA90037A21A /* Debug */ = {
			isa = XCBuildConfiguration;
			buildSettings = {
				ASSETCATALOG_COMPILER_APPICON_NAME = AppIcon;
				ASSETCATALOG_COMPILER_GLOBAL_ACCENT_COLOR_NAME = AccentColor;
				CODE_SIGN_IDENTITY = "Apple Development";
				CODE_SIGN_STYLE = Automatic;
				CURRENT_PROJECT_VERSION = 1;
				DEVELOPMENT_ASSET_PATHS = "\"Coin/Preview Content\"";
				DEVELOPMENT_TEAM = 235DAB995B;
				ENABLE_PREVIEWS = YES;
				GENERATE_INFOPLIST_FILE = YES;
				INFOPLIST_KEY_CFBundleDisplayName = Coin;
				INFOPLIST_KEY_LSApplicationCategoryType = "public.app-category.finance";
				INFOPLIST_KEY_UIApplicationSceneManifest_Generation = YES;
				INFOPLIST_KEY_UIApplicationSupportsIndirectInputEvents = YES;
				INFOPLIST_KEY_UILaunchScreen_Generation = YES;
				INFOPLIST_KEY_UILaunchStoryboardName = "Launch Screen.storyboard";
				INFOPLIST_KEY_UISupportedInterfaceOrientations_iPad = "UIInterfaceOrientationPortrait UIInterfaceOrientationPortraitUpsideDown UIInterfaceOrientationLandscapeLeft UIInterfaceOrientationLandscapeRight";
				INFOPLIST_KEY_UISupportedInterfaceOrientations_iPhone = "UIInterfaceOrientationPortrait UIInterfaceOrientationLandscapeLeft UIInterfaceOrientationLandscapeRight";
				IPHONEOS_DEPLOYMENT_TARGET = 17.0;
				LD_RUNPATH_SEARCH_PATHS = (
					"$(inherited)",
					"@executable_path/Frameworks",
				);
				MARKETING_VERSION = 1.0;
				PRODUCT_BUNDLE_IDENTIFIER = ilyaivanov.Coin;
				PRODUCT_NAME = "$(TARGET_NAME)";
				PROVISIONING_PROFILE_SPECIFIER = "";
				SWIFT_EMIT_LOC_STRINGS = YES;
				SWIFT_VERSION = 5.0;
				TARGETED_DEVICE_FAMILY = "1,2";
			};
			name = Debug;
		};
		B5F9CC6F28F01CA90037A21A /* Release */ = {
			isa = XCBuildConfiguration;
			buildSettings = {
				ASSETCATALOG_COMPILER_APPICON_NAME = AppIcon;
				ASSETCATALOG_COMPILER_GLOBAL_ACCENT_COLOR_NAME = AccentColor;
				CODE_SIGN_IDENTITY = "Apple Development";
				CODE_SIGN_STYLE = Automatic;
				CURRENT_PROJECT_VERSION = 1;
				DEVELOPMENT_ASSET_PATHS = "\"Coin/Preview Content\"";
				DEVELOPMENT_TEAM = 235DAB995B;
				ENABLE_PREVIEWS = YES;
				GENERATE_INFOPLIST_FILE = YES;
				INFOPLIST_KEY_CFBundleDisplayName = Coin;
				INFOPLIST_KEY_LSApplicationCategoryType = "public.app-category.finance";
				INFOPLIST_KEY_UIApplicationSceneManifest_Generation = YES;
				INFOPLIST_KEY_UIApplicationSupportsIndirectInputEvents = YES;
				INFOPLIST_KEY_UILaunchScreen_Generation = YES;
				INFOPLIST_KEY_UILaunchStoryboardName = "Launch Screen.storyboard";
				INFOPLIST_KEY_UISupportedInterfaceOrientations_iPad = "UIInterfaceOrientationPortrait UIInterfaceOrientationPortraitUpsideDown UIInterfaceOrientationLandscapeLeft UIInterfaceOrientationLandscapeRight";
				INFOPLIST_KEY_UISupportedInterfaceOrientations_iPhone = "UIInterfaceOrientationPortrait UIInterfaceOrientationLandscapeLeft UIInterfaceOrientationLandscapeRight";
				IPHONEOS_DEPLOYMENT_TARGET = 17.0;
				LD_RUNPATH_SEARCH_PATHS = (
					"$(inherited)",
					"@executable_path/Frameworks",
				);
				MARKETING_VERSION = 1.0;
				PRODUCT_BUNDLE_IDENTIFIER = ilyaivanov.Coin;
				PRODUCT_NAME = "$(TARGET_NAME)";
				PROVISIONING_PROFILE_SPECIFIER = "";
				SWIFT_EMIT_LOC_STRINGS = YES;
				SWIFT_VERSION = 5.0;
				TARGETED_DEVICE_FAMILY = "1,2";
			};
			name = Release;
		};
/* End XCBuildConfiguration section */

/* Begin XCConfigurationList section */
		B5F9CC5A28F01CA80037A21A /* Build configuration list for PBXProject "Coin" */ = {
			isa = XCConfigurationList;
			buildConfigurations = (
				B5F9CC6B28F01CA90037A21A /* Debug */,
				B5F9CC6C28F01CA90037A21A /* Release */,
			);
			defaultConfigurationIsVisible = 0;
			defaultConfigurationName = Release;
		};
		B5F9CC6D28F01CA90037A21A /* Build configuration list for PBXNativeTarget "Coin" */ = {
			isa = XCConfigurationList;
			buildConfigurations = (
				B5F9CC6E28F01CA90037A21A /* Debug */,
				B5F9CC6F28F01CA90037A21A /* Release */,
			);
			defaultConfigurationIsVisible = 0;
			defaultConfigurationName = Release;
		};
/* End XCConfigurationList section */
	};
	rootObject = B5F9CC5728F01CA80037A21A /* Project object */;
}
