// !$*UTF8*$!
{
	archiveVersion = 1;
	classes = {
	};
	objectVersion = 56;
	objects = {

/* Begin PBXBuildFile section */
		B5024EB22AE1A20F00F60449 /* EditAccount.swift in Sources */ = {isa = PBXBuildFile; fileRef = B5024EB12AE1A20F00F60449 /* EditAccount.swift */; };
		B504B7E52AE46EEB0078643A /* UserAPI.swift in Sources */ = {isa = PBXBuildFile; fileRef = B504B7E42AE46EEB0078643A /* UserAPI.swift */; };
		B504B7E72AE526DA0078643A /* PlusNewAccount.swift in Sources */ = {isa = PBXBuildFile; fileRef = B504B7E62AE526DA0078643A /* PlusNewAccount.swift */; };
		B50DBAD42BCD2D2600A58B53 /* TransactionsList.swift in Sources */ = {isa = PBXBuildFile; fileRef = B50DBAD32BCD2D2600A58B53 /* TransactionsList.swift */; };
		B50DBAD72BCD8CD900A58B53 /* ChartTab.swift in Sources */ = {isa = PBXBuildFile; fileRef = B50DBAD62BCD8CD900A58B53 /* ChartTab.swift */; };
		B50DBAD92BCD8CF500A58B53 /* ChartViewModel.swift in Sources */ = {isa = PBXBuildFile; fileRef = B50DBAD82BCD8CF500A58B53 /* ChartViewModel.swift */; };
		B510BE8D2AE01A70002CDB54 /* BudgetBar.swift in Sources */ = {isa = PBXBuildFile; fileRef = B510BE8C2AE01A70002CDB54 /* BudgetBar.swift */; };
		B510BE8F2AE03109002CDB54 /* BudgetDetails.swift in Sources */ = {isa = PBXBuildFile; fileRef = B510BE8E2AE03109002CDB54 /* BudgetDetails.swift */; };
		B512688F2BBAA1FF00B54572 /* QuickStatisticViewModel.swift in Sources */ = {isa = PBXBuildFile; fileRef = B512688E2BBAA1FF00B54572 /* QuickStatisticViewModel.swift */; };
		B514D4922BA477A30019AED6 /* Persistense.swift in Sources */ = {isa = PBXBuildFile; fileRef = B514D4912BA477A30019AED6 /* Persistense.swift */; };
		B51710082BB2D61000950EE0 /* EditAccountViewModel.swift in Sources */ = {isa = PBXBuildFile; fileRef = B51710072BB2D61000950EE0 /* EditAccountViewModel.swift */; };
		B517100A2BB2E6BF00950EE0 /* EditTransactionViewModel.swift in Sources */ = {isa = PBXBuildFile; fileRef = B51710092BB2E6BF00950EE0 /* EditTransactionViewModel.swift */; };
		B517100C2BB3218200950EE0 /* BudgetsListViewModel.swift in Sources */ = {isa = PBXBuildFile; fileRef = B517100B2BB3218200950EE0 /* BudgetsListViewModel.swift */; };
		B51CE1EB2BAC37A000682D48 /* Service.swift in Sources */ = {isa = PBXBuildFile; fileRef = B51CE1EA2BAC37A000682D48 /* Service.swift */; };
		B51CE1EE2BAC3F2700682D48 /* TransactionDB.swift in Sources */ = {isa = PBXBuildFile; fileRef = B51CE1ED2BAC3F2700682D48 /* TransactionDB.swift */; };
		B51CE1F02BAC3FB100682D48 /* AccountDB.swift in Sources */ = {isa = PBXBuildFile; fileRef = B51CE1EF2BAC3FB100682D48 /* AccountDB.swift */; };
		B51CE1F22BAC403800682D48 /* AccountGroupDB.swift in Sources */ = {isa = PBXBuildFile; fileRef = B51CE1F12BAC403800682D48 /* AccountGroupDB.swift */; };
		B51CE1F42BAC40BB00682D48 /* CurrencyDB.swift in Sources */ = {isa = PBXBuildFile; fileRef = B51CE1F32BAC40BB00682D48 /* CurrencyDB.swift */; };
		B51CE1F62BAC40F600682D48 /* UserDB.swift in Sources */ = {isa = PBXBuildFile; fileRef = B51CE1F52BAC40F600682D48 /* UserDB.swift */; };
		B51CE1F82BAC431700682D48 /* AccountPermissions.swift in Sources */ = {isa = PBXBuildFile; fileRef = B51CE1F72BAC431700682D48 /* AccountPermissions.swift */; };
		B51CE1FA2BAC442F00682D48 /* Repository.swift in Sources */ = {isa = PBXBuildFile; fileRef = B51CE1F92BAC442F00682D48 /* Repository.swift */; };
		B51CE1FE2BAC478D00682D48 /* CurrencyRatesViewModel.swift in Sources */ = {isa = PBXBuildFile; fileRef = B51CE1FD2BAC478D00682D48 /* CurrencyRatesViewModel.swift */; };
		B529280D2B0614D100C192CA /* UserModels.swift in Sources */ = {isa = PBXBuildFile; fileRef = B529280C2B0614D100C192CA /* UserModels.swift */; };
		B531E6DE2AE30C3B00996520 /* Launch Screen.storyboard in Resources */ = {isa = PBXBuildFile; fileRef = B531E6DD2AE30C3B00996520 /* Launch Screen.storyboard */; };
		B54254852AF5218C008ECC33 /* TransactionFilterView.swift in Sources */ = {isa = PBXBuildFile; fileRef = B54254842AF5218C008ECC33 /* TransactionFilterView.swift */; };
		B54DA3A82BBD7EE9008A9FD1 /* GetMonthPeriodFromDate.swift in Sources */ = {isa = PBXBuildFile; fileRef = B54DA3A72BBD7EE9008A9FD1 /* GetMonthPeriodFromDate.swift */; };
		B54DA3AA2BBD81D9008A9FD1 /* StripTime.swift in Sources */ = {isa = PBXBuildFile; fileRef = B54DA3A92BBD81D9008A9FD1 /* StripTime.swift */; };
		B54F3DB02BD579FA00780460 /* TagsList.swift in Sources */ = {isa = PBXBuildFile; fileRef = B54F3DAF2BD579FA00780460 /* TagsList.swift */; };
		B54F3DB22BD57A0700780460 /* TagsListViewModel.swift in Sources */ = {isa = PBXBuildFile; fileRef = B54F3DB12BD57A0700780460 /* TagsListViewModel.swift */; };
		B54F3DB42BD57D8900780460 /* EditTag.swift in Sources */ = {isa = PBXBuildFile; fileRef = B54F3DB32BD57D8900780460 /* EditTag.swift */; };
		B54F3DB62BD57DBB00780460 /* EditTagViewModel.swift in Sources */ = {isa = PBXBuildFile; fileRef = B54F3DB52BD57DBB00780460 /* EditTagViewModel.swift */; };
		B557AA0E290D959F00631421 /* API.swift in Sources */ = {isa = PBXBuildFile; fileRef = B557AA0D290D959F00631421 /* API.swift */; };
		B55EF9DB2BE274D3003C8882 /* TransactionFilterViewModel.swift in Sources */ = {isa = PBXBuildFile; fileRef = B55EF9DA2BE274D3003C8882 /* TransactionFilterViewModel.swift */; };
		B55EF9DD2BE2CFF5003C8882 /* Hasher.swift in Sources */ = {isa = PBXBuildFile; fileRef = B55EF9DC2BE2CFF5003C8882 /* Hasher.swift */; };
		B5610EFD28FC98B50063AFEB /* TransactionModels.swift in Sources */ = {isa = PBXBuildFile; fileRef = B5610EFC28FC98B50063AFEB /* TransactionModels.swift */; };
		B5610F0428FC9A420063AFEB /* TransactionAPI.swift in Sources */ = {isa = PBXBuildFile; fileRef = B5610F0328FC9A420063AFEB /* TransactionAPI.swift */; };
		B562FBFB2ADD63F2005E7C15 /* BudgetsList.swift in Sources */ = {isa = PBXBuildFile; fileRef = B562FBFA2ADD63F2005E7C15 /* BudgetsList.swift */; };
		B56361A42B04FC000044CDD8 /* AppTabView.swift in Sources */ = {isa = PBXBuildFile; fileRef = B56361A32B04FC000044CDD8 /* AppTabView.swift */; };
		B56FB60F2BEA268300CBFB1E /* IDMappingDB.swift in Sources */ = {isa = PBXBuildFile; fileRef = B56FB60E2BEA268300CBFB1E /* IDMappingDB.swift */; };
		B56FB6112BEA343A00CBFB1E /* SyncTask.swift in Sources */ = {isa = PBXBuildFile; fileRef = B56FB6102BEA343A00CBFB1E /* SyncTask.swift */; };
		B5744E982BD29180004C9AC7 /* SettingsViewModel.swift in Sources */ = {isa = PBXBuildFile; fileRef = B5744E972BD29180004C9AC7 /* SettingsViewModel.swift */; };
		B5744E9B2BD29267004C9AC7 /* SettingsAPI.swift in Sources */ = {isa = PBXBuildFile; fileRef = B5744E9A2BD29267004C9AC7 /* SettingsAPI.swift */; };
		B5744E9D2BD29276004C9AC7 /* SettingsModels.swift in Sources */ = {isa = PBXBuildFile; fileRef = B5744E9C2BD29276004C9AC7 /* SettingsModels.swift */; };
		B5744E9F2BD29C8B004C9AC7 /* FileStorageManager.swift in Sources */ = {isa = PBXBuildFile; fileRef = B5744E9E2BD29C8B004C9AC7 /* FileStorageManager.swift */; };
		B5744EA12BD2A4BA004C9AC7 /* Icon.swift in Sources */ = {isa = PBXBuildFile; fileRef = B5744EA02BD2A4BA004C9AC7 /* Icon.swift */; };
		B5744EA32BD2A579004C9AC7 /* IconDB.swift in Sources */ = {isa = PBXBuildFile; fileRef = B5744EA22BD2A579004C9AC7 /* IconDB.swift */; };
		B5744EA62BD2DA9B004C9AC7 /* TagAPI.swift in Sources */ = {isa = PBXBuildFile; fileRef = B5744EA52BD2DA9B004C9AC7 /* TagAPI.swift */; };
		B5744EA82BD2DAC5004C9AC7 /* TagModels.swift in Sources */ = {isa = PBXBuildFile; fileRef = B5744EA72BD2DAC5004C9AC7 /* TagModels.swift */; };
		B5744EAA2BD2DD7A004C9AC7 /* TagDB.swift in Sources */ = {isa = PBXBuildFile; fileRef = B5744EA92BD2DD7A004C9AC7 /* TagDB.swift */; };
		B5744EAC2BD2DDC0004C9AC7 /* TagToTransactionDB.swift in Sources */ = {isa = PBXBuildFile; fileRef = B5744EAB2BD2DDC0004C9AC7 /* TagToTransactionDB.swift */; };
		B5744EAE2BD2DE41004C9AC7 /* Tag.swift in Sources */ = {isa = PBXBuildFile; fileRef = B5744EAD2BD2DE41004C9AC7 /* Tag.swift */; };
		B57A6B872BBAC37200BDDEFE /* HidedAccountListViewModel.swift in Sources */ = {isa = PBXBuildFile; fileRef = B57A6B862BBAC37200BDDEFE /* HidedAccountListViewModel.swift */; };
		B58705762900956D004C77DD /* README.md in Resources */ = {isa = PBXBuildFile; fileRef = B58705752900956D004C77DD /* README.md */; };
		B58CAB2A2BCFE6A200B472FA /* ChartView.swift in Sources */ = {isa = PBXBuildFile; fileRef = B58CAB292BCFE6A200B472FA /* ChartView.swift */; };
		B58CAB2C2BD02E0700B472FA /* TransactionsView.swift in Sources */ = {isa = PBXBuildFile; fileRef = B58CAB2B2BD02E0700B472FA /* TransactionsView.swift */; };
		B593F9552AE1CCB000378E17 /* EditTransaction.swift in Sources */ = {isa = PBXBuildFile; fileRef = B593F9542AE1CCB000378E17 /* EditTransaction.swift */; };
		B596508A2BED547C009C6E52 /* TaskDetailsViewModel.swift in Sources */ = {isa = PBXBuildFile; fileRef = B59650892BED547C009C6E52 /* TaskDetailsViewModel.swift */; };
		B596E60A2A278CC1007D7E6D /* AccountModels.swift in Sources */ = {isa = PBXBuildFile; fileRef = B596E6092A278CC1007D7E6D /* AccountModels.swift */; };
		B59F0F2128FDC7C000AA33A9 /* AccountCategoryView.swift in Sources */ = {isa = PBXBuildFile; fileRef = B59F0F2028FDC7C000AA33A9 /* AccountCategoryView.swift */; };
		B59F0F2628FDD30F00AA33A9 /* AccountCirclesView.swift in Sources */ = {isa = PBXBuildFile; fileRef = B59F0F2528FDD30F00AA33A9 /* AccountCirclesView.swift */; };
		B59F0F2928FDD4C200AA33A9 /* AccountGroupSelector.swift in Sources */ = {isa = PBXBuildFile; fileRef = B59F0F2828FDD4C200AA33A9 /* AccountGroupSelector.swift */; };
		B5B068E22BAC6DC200AEEC98 /* Transaction.swift in Sources */ = {isa = PBXBuildFile; fileRef = B5B068E12BAC6DC200AEEC98 /* Transaction.swift */; };
		B5B068E42BAC6DD800AEEC98 /* Account.swift in Sources */ = {isa = PBXBuildFile; fileRef = B5B068E32BAC6DD800AEEC98 /* Account.swift */; };
		B5B068E62BAC6DEA00AEEC98 /* QuickStatistic.swift in Sources */ = {isa = PBXBuildFile; fileRef = B5B068E52BAC6DEA00AEEC98 /* QuickStatistic.swift */; };
		B5B068E82BAC6E0400AEEC98 /* AccountGroup.swift in Sources */ = {isa = PBXBuildFile; fileRef = B5B068E72BAC6E0400AEEC98 /* AccountGroup.swift */; };
		B5B068EA2BAC6E1B00AEEC98 /* Currency.swift in Sources */ = {isa = PBXBuildFile; fileRef = B5B068E92BAC6E1B00AEEC98 /* Currency.swift */; };
		B5B068EC2BAC6E2600AEEC98 /* User.swift in Sources */ = {isa = PBXBuildFile; fileRef = B5B068EB2BAC6E2600AEEC98 /* User.swift */; };
		B5B068EF2BAC6E5500AEEC98 /* GRDB in Frameworks */ = {isa = PBXBuildFile; productRef = B5B068EE2BAC6E5500AEEC98 /* GRDB */; };
		B5B068F12BAC70A100AEEC98 /* ProfileViewModel.swift in Sources */ = {isa = PBXBuildFile; fileRef = B5B068F02BAC70A100AEEC98 /* ProfileViewModel.swift */; };
		B5B707242BA59A3700A07DB6 /* AppDatabase.swift in Sources */ = {isa = PBXBuildFile; fileRef = B5B707232BA59A3700A07DB6 /* AppDatabase.swift */; };
		B5B950432ADF16B300798F8C /* BudgetRow.swift in Sources */ = {isa = PBXBuildFile; fileRef = B5B950422ADF16B300798F8C /* BudgetRow.swift */; };
		B5B950452ADF16FF00798F8C /* Line.swift in Sources */ = {isa = PBXBuildFile; fileRef = B5B950442ADF16FF00798F8C /* Line.swift */; };
		B5B9504F2ADF235A00798F8C /* Profile.swift in Sources */ = {isa = PBXBuildFile; fileRef = B5B9504E2ADF235A00798F8C /* Profile.swift */; };
		B5B950532ADF24A900798F8C /* AccountCircleItem.swift in Sources */ = {isa = PBXBuildFile; fileRef = B5B950522ADF24A900798F8C /* AccountCircleItem.swift */; };
		B5B950552ADF258700798F8C /* TransactionRow.swift in Sources */ = {isa = PBXBuildFile; fileRef = B5B950542ADF258700798F8C /* TransactionRow.swift */; };
		B5B950572ADF261700798F8C /* QuickStatisticView.swift in Sources */ = {isa = PBXBuildFile; fileRef = B5B950562ADF261700798F8C /* QuickStatisticView.swift */; };
		B5B950592ADF274E00798F8C /* AccountCard.swift in Sources */ = {isa = PBXBuildFile; fileRef = B5B950582ADF274E00798F8C /* AccountCard.swift */; };
		B5C0C31C2AEAD9E70016990E /* HidedAccountsList.swift in Sources */ = {isa = PBXBuildFile; fileRef = B5C0C31B2AEAD9E70016990E /* HidedAccountsList.swift */; };
		B5CF7D342AE57A9B0086C0B6 /* CurrencyFormatter.swift in Sources */ = {isa = PBXBuildFile; fileRef = B5CF7D332AE57A9B0086C0B6 /* CurrencyFormatter.swift */; };
		B5D143B22906A64000875037 /* ErrorModel.swift in Sources */ = {isa = PBXBuildFile; fileRef = B5D143B12906A64000875037 /* ErrorModel.swift */; };
		B5D143B42906A66400875037 /* AuthModels.swift in Sources */ = {isa = PBXBuildFile; fileRef = B5D143B32906A66400875037 /* AuthModels.swift */; };
		B5D143B62906B4EC00875037 /* AuthAPI.swift in Sources */ = {isa = PBXBuildFile; fileRef = B5D143B52906B4EC00875037 /* AuthAPI.swift */; };
		B5D143B82906B4F800875037 /* AccountAPI.swift in Sources */ = {isa = PBXBuildFile; fileRef = B5D143B72906B4F800875037 /* AccountAPI.swift */; };
		B5D6DE222BB1D21E00A06D67 /* AccountHomeViewModel.swift in Sources */ = {isa = PBXBuildFile; fileRef = B5D6DE212BB1D21E00A06D67 /* AccountHomeViewModel.swift */; };
		B5D6DE242BB1D96000A06D67 /* AccountGroupSelectorViewModel.swift in Sources */ = {isa = PBXBuildFile; fileRef = B5D6DE232BB1D96000A06D67 /* AccountGroupSelectorViewModel.swift */; };
		B5D6DE262BB1DBA800A06D67 /* TransactionsListViewModel.swift in Sources */ = {isa = PBXBuildFile; fileRef = B5D6DE252BB1DBA800A06D67 /* TransactionsListViewModel.swift */; };
		B5D6DE282BB1E04000A06D67 /* AccountCirclesViewModel.swift in Sources */ = {isa = PBXBuildFile; fileRef = B5D6DE272BB1E04000A06D67 /* AccountCirclesViewModel.swift */; };
		B5E6C1942AF2AF9500097067 /* CurrencyRates.swift in Sources */ = {isa = PBXBuildFile; fileRef = B5E6C1932AF2AF9500097067 /* CurrencyRates.swift */; };
		B5E8933028FF090B002AC30C /* SnapCarousel.swift in Sources */ = {isa = PBXBuildFile; fileRef = B5E8932F28FF090B002AC30C /* SnapCarousel.swift */; };
		B5E89332290073C5002AC30C /* LoginView.swift in Sources */ = {isa = PBXBuildFile; fileRef = B5E89331290073C5002AC30C /* LoginView.swift */; };
		B5F4C3EB2BDF6CAC007CCFC9 /* TaskManager.swift in Sources */ = {isa = PBXBuildFile; fileRef = B5F4C3EA2BDF6CAC007CCFC9 /* TaskManager.swift */; };
		B5F4C3ED2BDF6DCD007CCFC9 /* SyncTaskDB.swift in Sources */ = {isa = PBXBuildFile; fileRef = B5F4C3EC2BDF6DCD007CCFC9 /* SyncTaskDB.swift */; };
		B5F4C3EF2BDF9A36007CCFC9 /* TasksList.swift in Sources */ = {isa = PBXBuildFile; fileRef = B5F4C3EE2BDF9A36007CCFC9 /* TasksList.swift */; };
		B5F4C3F12BDF9B82007CCFC9 /* TasksListViewModel.swift in Sources */ = {isa = PBXBuildFile; fileRef = B5F4C3F02BDF9B82007CCFC9 /* TasksListViewModel.swift */; };
		B5F4C3F52BDFA233007CCFC9 /* TaskDetails.swift in Sources */ = {isa = PBXBuildFile; fileRef = B5F4C3F42BDFA233007CCFC9 /* TaskDetails.swift */; };
		B5F595902B56C3A5004D57A4 /* CheckmarkPopover.swift in Sources */ = {isa = PBXBuildFile; fileRef = B5F5958F2B56C3A5004D57A4 /* CheckmarkPopover.swift */; };
		B5F595922B56D35F004D57A4 /* Settings.swift in Sources */ = {isa = PBXBuildFile; fileRef = B5F595912B56D35F004D57A4 /* Settings.swift */; };
		B5F9CC6328F01CA80037A21A /* CoinApp.swift in Sources */ = {isa = PBXBuildFile; fileRef = B5F9CC6228F01CA80037A21A /* CoinApp.swift */; };
		B5F9CC6728F01CA90037A21A /* Assets.xcassets in Resources */ = {isa = PBXBuildFile; fileRef = B5F9CC6628F01CA90037A21A /* Assets.xcassets */; };
		B5F9CC6A28F01CA90037A21A /* Preview Assets.xcassets in Resources */ = {isa = PBXBuildFile; fileRef = B5F9CC6928F01CA90037A21A /* Preview Assets.xcassets */; };
		B5F9CC7128F01E1A0037A21A /* ContentView.swift in Sources */ = {isa = PBXBuildFile; fileRef = B5F9CC7028F01E1A0037A21A /* ContentView.swift */; };
		B5FB6AA428F3D62D00C2A2AC /* TransactionsTab.swift in Sources */ = {isa = PBXBuildFile; fileRef = B5FB6AA328F3D62D00C2A2AC /* TransactionsTab.swift */; };
		B5FB6AAE28F3D86000C2A2AC /* AccountsHomeView.swift in Sources */ = {isa = PBXBuildFile; fileRef = B5FB6AAD28F3D86000C2A2AC /* AccountsHomeView.swift */; };
		B5FF351E2AEC091F007694F9 /* Defaults.swift in Sources */ = {isa = PBXBuildFile; fileRef = B5FF351D2AEC091F007694F9 /* Defaults.swift */; };
/* End PBXBuildFile section */

/* Begin PBXFileReference section */
		B5024EB12AE1A20F00F60449 /* EditAccount.swift */ = {isa = PBXFileReference; lastKnownFileType = sourcecode.swift; path = EditAccount.swift; sourceTree = "<group>"; };
		B504B7E42AE46EEB0078643A /* UserAPI.swift */ = {isa = PBXFileReference; lastKnownFileType = sourcecode.swift; path = UserAPI.swift; sourceTree = "<group>"; };
		B504B7E62AE526DA0078643A /* PlusNewAccount.swift */ = {isa = PBXFileReference; lastKnownFileType = sourcecode.swift; path = PlusNewAccount.swift; sourceTree = "<group>"; };
		B50DBAD32BCD2D2600A58B53 /* TransactionsList.swift */ = {isa = PBXFileReference; lastKnownFileType = sourcecode.swift; path = TransactionsList.swift; sourceTree = "<group>"; };
		B50DBAD62BCD8CD900A58B53 /* ChartTab.swift */ = {isa = PBXFileReference; lastKnownFileType = sourcecode.swift; path = ChartTab.swift; sourceTree = "<group>"; };
		B50DBAD82BCD8CF500A58B53 /* ChartViewModel.swift */ = {isa = PBXFileReference; lastKnownFileType = sourcecode.swift; path = ChartViewModel.swift; sourceTree = "<group>"; };
		B510BE8C2AE01A70002CDB54 /* BudgetBar.swift */ = {isa = PBXFileReference; lastKnownFileType = sourcecode.swift; path = BudgetBar.swift; sourceTree = "<group>"; };
		B510BE8E2AE03109002CDB54 /* BudgetDetails.swift */ = {isa = PBXFileReference; lastKnownFileType = sourcecode.swift; path = BudgetDetails.swift; sourceTree = "<group>"; };
		B512688E2BBAA1FF00B54572 /* QuickStatisticViewModel.swift */ = {isa = PBXFileReference; lastKnownFileType = sourcecode.swift; path = QuickStatisticViewModel.swift; sourceTree = "<group>"; };
		B514D4912BA477A30019AED6 /* Persistense.swift */ = {isa = PBXFileReference; lastKnownFileType = sourcecode.swift; path = Persistense.swift; sourceTree = "<group>"; };
		B51710072BB2D61000950EE0 /* EditAccountViewModel.swift */ = {isa = PBXFileReference; lastKnownFileType = sourcecode.swift; path = EditAccountViewModel.swift; sourceTree = "<group>"; };
		B51710092BB2E6BF00950EE0 /* EditTransactionViewModel.swift */ = {isa = PBXFileReference; lastKnownFileType = sourcecode.swift; path = EditTransactionViewModel.swift; sourceTree = "<group>"; };
		B517100B2BB3218200950EE0 /* BudgetsListViewModel.swift */ = {isa = PBXFileReference; lastKnownFileType = sourcecode.swift; path = BudgetsListViewModel.swift; sourceTree = "<group>"; };
		B51CE1EA2BAC37A000682D48 /* Service.swift */ = {isa = PBXFileReference; lastKnownFileType = sourcecode.swift; path = Service.swift; sourceTree = "<group>"; };
		B51CE1ED2BAC3F2700682D48 /* TransactionDB.swift */ = {isa = PBXFileReference; lastKnownFileType = sourcecode.swift; path = TransactionDB.swift; sourceTree = "<group>"; };
		B51CE1EF2BAC3FB100682D48 /* AccountDB.swift */ = {isa = PBXFileReference; lastKnownFileType = sourcecode.swift; path = AccountDB.swift; sourceTree = "<group>"; };
		B51CE1F12BAC403800682D48 /* AccountGroupDB.swift */ = {isa = PBXFileReference; lastKnownFileType = sourcecode.swift; path = AccountGroupDB.swift; sourceTree = "<group>"; };
		B51CE1F32BAC40BB00682D48 /* CurrencyDB.swift */ = {isa = PBXFileReference; lastKnownFileType = sourcecode.swift; path = CurrencyDB.swift; sourceTree = "<group>"; };
		B51CE1F52BAC40F600682D48 /* UserDB.swift */ = {isa = PBXFileReference; lastKnownFileType = sourcecode.swift; path = UserDB.swift; sourceTree = "<group>"; };
		B51CE1F72BAC431700682D48 /* AccountPermissions.swift */ = {isa = PBXFileReference; lastKnownFileType = sourcecode.swift; path = AccountPermissions.swift; sourceTree = "<group>"; };
		B51CE1F92BAC442F00682D48 /* Repository.swift */ = {isa = PBXFileReference; lastKnownFileType = sourcecode.swift; path = Repository.swift; sourceTree = "<group>"; };
		B51CE1FD2BAC478D00682D48 /* CurrencyRatesViewModel.swift */ = {isa = PBXFileReference; lastKnownFileType = sourcecode.swift; path = CurrencyRatesViewModel.swift; sourceTree = "<group>"; };
		B529280C2B0614D100C192CA /* UserModels.swift */ = {isa = PBXFileReference; lastKnownFileType = sourcecode.swift; path = UserModels.swift; sourceTree = "<group>"; };
		B531E6DD2AE30C3B00996520 /* Launch Screen.storyboard */ = {isa = PBXFileReference; lastKnownFileType = file.storyboard; path = "Launch Screen.storyboard"; sourceTree = "<group>"; };
		B54254842AF5218C008ECC33 /* TransactionFilterView.swift */ = {isa = PBXFileReference; lastKnownFileType = sourcecode.swift; path = TransactionFilterView.swift; sourceTree = "<group>"; };
		B54DA3A72BBD7EE9008A9FD1 /* GetMonthPeriodFromDate.swift */ = {isa = PBXFileReference; lastKnownFileType = sourcecode.swift; path = GetMonthPeriodFromDate.swift; sourceTree = "<group>"; };
		B54DA3A92BBD81D9008A9FD1 /* StripTime.swift */ = {isa = PBXFileReference; lastKnownFileType = sourcecode.swift; path = StripTime.swift; sourceTree = "<group>"; };
		B54F3DAF2BD579FA00780460 /* TagsList.swift */ = {isa = PBXFileReference; lastKnownFileType = sourcecode.swift; path = TagsList.swift; sourceTree = "<group>"; };
		B54F3DB12BD57A0700780460 /* TagsListViewModel.swift */ = {isa = PBXFileReference; lastKnownFileType = sourcecode.swift; path = TagsListViewModel.swift; sourceTree = "<group>"; };
		B54F3DB32BD57D8900780460 /* EditTag.swift */ = {isa = PBXFileReference; lastKnownFileType = sourcecode.swift; path = EditTag.swift; sourceTree = "<group>"; };
		B54F3DB52BD57DBB00780460 /* EditTagViewModel.swift */ = {isa = PBXFileReference; lastKnownFileType = sourcecode.swift; path = EditTagViewModel.swift; sourceTree = "<group>"; };
		B557AA0D290D959F00631421 /* API.swift */ = {isa = PBXFileReference; lastKnownFileType = sourcecode.swift; path = API.swift; sourceTree = "<group>"; };
		B55EF9DA2BE274D3003C8882 /* TransactionFilterViewModel.swift */ = {isa = PBXFileReference; lastKnownFileType = sourcecode.swift; path = TransactionFilterViewModel.swift; sourceTree = "<group>"; };
		B55EF9DC2BE2CFF5003C8882 /* Hasher.swift */ = {isa = PBXFileReference; lastKnownFileType = sourcecode.swift; path = Hasher.swift; sourceTree = "<group>"; };
		B5610EFC28FC98B50063AFEB /* TransactionModels.swift */ = {isa = PBXFileReference; lastKnownFileType = sourcecode.swift; path = TransactionModels.swift; sourceTree = "<group>"; };
		B5610F0328FC9A420063AFEB /* TransactionAPI.swift */ = {isa = PBXFileReference; lastKnownFileType = sourcecode.swift; path = TransactionAPI.swift; sourceTree = "<group>"; };
		B562FBFA2ADD63F2005E7C15 /* BudgetsList.swift */ = {isa = PBXFileReference; lastKnownFileType = sourcecode.swift; path = BudgetsList.swift; sourceTree = "<group>"; };
		B56361A32B04FC000044CDD8 /* AppTabView.swift */ = {isa = PBXFileReference; lastKnownFileType = sourcecode.swift; path = AppTabView.swift; sourceTree = "<group>"; };
		B56FB60E2BEA268300CBFB1E /* IDMappingDB.swift */ = {isa = PBXFileReference; lastKnownFileType = sourcecode.swift; path = IDMappingDB.swift; sourceTree = "<group>"; };
		B56FB6102BEA343A00CBFB1E /* SyncTask.swift */ = {isa = PBXFileReference; lastKnownFileType = sourcecode.swift; path = SyncTask.swift; sourceTree = "<group>"; };
		B5744E972BD29180004C9AC7 /* SettingsViewModel.swift */ = {isa = PBXFileReference; lastKnownFileType = sourcecode.swift; path = SettingsViewModel.swift; sourceTree = "<group>"; };
		B5744E9A2BD29267004C9AC7 /* SettingsAPI.swift */ = {isa = PBXFileReference; lastKnownFileType = sourcecode.swift; path = SettingsAPI.swift; sourceTree = "<group>"; };
		B5744E9C2BD29276004C9AC7 /* SettingsModels.swift */ = {isa = PBXFileReference; lastKnownFileType = sourcecode.swift; path = SettingsModels.swift; sourceTree = "<group>"; };
		B5744E9E2BD29C8B004C9AC7 /* FileStorageManager.swift */ = {isa = PBXFileReference; lastKnownFileType = sourcecode.swift; path = FileStorageManager.swift; sourceTree = "<group>"; };
		B5744EA02BD2A4BA004C9AC7 /* Icon.swift */ = {isa = PBXFileReference; lastKnownFileType = sourcecode.swift; path = Icon.swift; sourceTree = "<group>"; };
		B5744EA22BD2A579004C9AC7 /* IconDB.swift */ = {isa = PBXFileReference; lastKnownFileType = sourcecode.swift; path = IconDB.swift; sourceTree = "<group>"; };
		B5744EA52BD2DA9B004C9AC7 /* TagAPI.swift */ = {isa = PBXFileReference; lastKnownFileType = sourcecode.swift; path = TagAPI.swift; sourceTree = "<group>"; };
		B5744EA72BD2DAC5004C9AC7 /* TagModels.swift */ = {isa = PBXFileReference; lastKnownFileType = sourcecode.swift; path = TagModels.swift; sourceTree = "<group>"; };
		B5744EA92BD2DD7A004C9AC7 /* TagDB.swift */ = {isa = PBXFileReference; lastKnownFileType = sourcecode.swift; path = TagDB.swift; sourceTree = "<group>"; };
		B5744EAB2BD2DDC0004C9AC7 /* TagToTransactionDB.swift */ = {isa = PBXFileReference; lastKnownFileType = sourcecode.swift; path = TagToTransactionDB.swift; sourceTree = "<group>"; };
		B5744EAD2BD2DE41004C9AC7 /* Tag.swift */ = {isa = PBXFileReference; lastKnownFileType = sourcecode.swift; path = Tag.swift; sourceTree = "<group>"; };
		B57A6B862BBAC37200BDDEFE /* HidedAccountListViewModel.swift */ = {isa = PBXFileReference; lastKnownFileType = sourcecode.swift; path = HidedAccountListViewModel.swift; sourceTree = "<group>"; };
		B58705752900956D004C77DD /* README.md */ = {isa = PBXFileReference; lastKnownFileType = net.daringfireball.markdown; path = README.md; sourceTree = "<group>"; };
		B58CAB292BCFE6A200B472FA /* ChartView.swift */ = {isa = PBXFileReference; lastKnownFileType = sourcecode.swift; path = ChartView.swift; sourceTree = "<group>"; };
		B58CAB2B2BD02E0700B472FA /* TransactionsView.swift */ = {isa = PBXFileReference; lastKnownFileType = sourcecode.swift; path = TransactionsView.swift; sourceTree = "<group>"; };
		B593F9542AE1CCB000378E17 /* EditTransaction.swift */ = {isa = PBXFileReference; lastKnownFileType = sourcecode.swift; path = EditTransaction.swift; sourceTree = "<group>"; };
		B59650892BED547C009C6E52 /* TaskDetailsViewModel.swift */ = {isa = PBXFileReference; lastKnownFileType = sourcecode.swift; path = TaskDetailsViewModel.swift; sourceTree = "<group>"; };
		B596E6092A278CC1007D7E6D /* AccountModels.swift */ = {isa = PBXFileReference; lastKnownFileType = sourcecode.swift; path = AccountModels.swift; sourceTree = "<group>"; };
		B59F0F2028FDC7C000AA33A9 /* AccountCategoryView.swift */ = {isa = PBXFileReference; lastKnownFileType = sourcecode.swift; path = AccountCategoryView.swift; sourceTree = "<group>"; };
		B59F0F2528FDD30F00AA33A9 /* AccountCirclesView.swift */ = {isa = PBXFileReference; lastKnownFileType = sourcecode.swift; path = AccountCirclesView.swift; sourceTree = "<group>"; };
		B59F0F2828FDD4C200AA33A9 /* AccountGroupSelector.swift */ = {isa = PBXFileReference; lastKnownFileType = sourcecode.swift; path = AccountGroupSelector.swift; sourceTree = "<group>"; };
		B5B068E12BAC6DC200AEEC98 /* Transaction.swift */ = {isa = PBXFileReference; lastKnownFileType = sourcecode.swift; path = Transaction.swift; sourceTree = "<group>"; };
		B5B068E32BAC6DD800AEEC98 /* Account.swift */ = {isa = PBXFileReference; lastKnownFileType = sourcecode.swift; path = Account.swift; sourceTree = "<group>"; };
		B5B068E52BAC6DEA00AEEC98 /* QuickStatistic.swift */ = {isa = PBXFileReference; lastKnownFileType = sourcecode.swift; path = QuickStatistic.swift; sourceTree = "<group>"; };
		B5B068E72BAC6E0400AEEC98 /* AccountGroup.swift */ = {isa = PBXFileReference; lastKnownFileType = sourcecode.swift; path = AccountGroup.swift; sourceTree = "<group>"; };
		B5B068E92BAC6E1B00AEEC98 /* Currency.swift */ = {isa = PBXFileReference; lastKnownFileType = sourcecode.swift; path = Currency.swift; sourceTree = "<group>"; };
		B5B068EB2BAC6E2600AEEC98 /* User.swift */ = {isa = PBXFileReference; lastKnownFileType = sourcecode.swift; path = User.swift; sourceTree = "<group>"; };
		B5B068F02BAC70A100AEEC98 /* ProfileViewModel.swift */ = {isa = PBXFileReference; lastKnownFileType = sourcecode.swift; path = ProfileViewModel.swift; sourceTree = "<group>"; };
		B5B707232BA59A3700A07DB6 /* AppDatabase.swift */ = {isa = PBXFileReference; lastKnownFileType = sourcecode.swift; path = AppDatabase.swift; sourceTree = "<group>"; };
		B5B950422ADF16B300798F8C /* BudgetRow.swift */ = {isa = PBXFileReference; lastKnownFileType = sourcecode.swift; path = BudgetRow.swift; sourceTree = "<group>"; };
		B5B950442ADF16FF00798F8C /* Line.swift */ = {isa = PBXFileReference; lastKnownFileType = sourcecode.swift; path = Line.swift; sourceTree = "<group>"; };
		B5B9504E2ADF235A00798F8C /* Profile.swift */ = {isa = PBXFileReference; lastKnownFileType = sourcecode.swift; path = Profile.swift; sourceTree = "<group>"; };
		B5B950522ADF24A900798F8C /* AccountCircleItem.swift */ = {isa = PBXFileReference; lastKnownFileType = sourcecode.swift; path = AccountCircleItem.swift; sourceTree = "<group>"; };
		B5B950542ADF258700798F8C /* TransactionRow.swift */ = {isa = PBXFileReference; lastKnownFileType = sourcecode.swift; path = TransactionRow.swift; sourceTree = "<group>"; };
		B5B950562ADF261700798F8C /* QuickStatisticView.swift */ = {isa = PBXFileReference; lastKnownFileType = sourcecode.swift; path = QuickStatisticView.swift; sourceTree = "<group>"; };
		B5B950582ADF274E00798F8C /* AccountCard.swift */ = {isa = PBXFileReference; lastKnownFileType = sourcecode.swift; path = AccountCard.swift; sourceTree = "<group>"; };
		B5C0C31B2AEAD9E70016990E /* HidedAccountsList.swift */ = {isa = PBXFileReference; lastKnownFileType = sourcecode.swift; path = HidedAccountsList.swift; sourceTree = "<group>"; };
		B5CF7D332AE57A9B0086C0B6 /* CurrencyFormatter.swift */ = {isa = PBXFileReference; lastKnownFileType = sourcecode.swift; path = CurrencyFormatter.swift; sourceTree = "<group>"; };
		B5D143B12906A64000875037 /* ErrorModel.swift */ = {isa = PBXFileReference; lastKnownFileType = sourcecode.swift; path = ErrorModel.swift; sourceTree = "<group>"; };
		B5D143B32906A66400875037 /* AuthModels.swift */ = {isa = PBXFileReference; lastKnownFileType = sourcecode.swift; path = AuthModels.swift; sourceTree = "<group>"; };
		B5D143B52906B4EC00875037 /* AuthAPI.swift */ = {isa = PBXFileReference; lastKnownFileType = sourcecode.swift; path = AuthAPI.swift; sourceTree = "<group>"; };
		B5D143B72906B4F800875037 /* AccountAPI.swift */ = {isa = PBXFileReference; lastKnownFileType = sourcecode.swift; path = AccountAPI.swift; sourceTree = "<group>"; };
		B5D6DE212BB1D21E00A06D67 /* AccountHomeViewModel.swift */ = {isa = PBXFileReference; lastKnownFileType = sourcecode.swift; path = AccountHomeViewModel.swift; sourceTree = "<group>"; };
		B5D6DE232BB1D96000A06D67 /* AccountGroupSelectorViewModel.swift */ = {isa = PBXFileReference; lastKnownFileType = sourcecode.swift; path = AccountGroupSelectorViewModel.swift; sourceTree = "<group>"; };
		B5D6DE252BB1DBA800A06D67 /* TransactionsListViewModel.swift */ = {isa = PBXFileReference; lastKnownFileType = sourcecode.swift; path = TransactionsListViewModel.swift; sourceTree = "<group>"; };
		B5D6DE272BB1E04000A06D67 /* AccountCirclesViewModel.swift */ = {isa = PBXFileReference; lastKnownFileType = sourcecode.swift; path = AccountCirclesViewModel.swift; sourceTree = "<group>"; };
		B5E6C1932AF2AF9500097067 /* CurrencyRates.swift */ = {isa = PBXFileReference; lastKnownFileType = sourcecode.swift; path = CurrencyRates.swift; sourceTree = "<group>"; };
		B5E8932F28FF090B002AC30C /* SnapCarousel.swift */ = {isa = PBXFileReference; lastKnownFileType = sourcecode.swift; path = SnapCarousel.swift; sourceTree = "<group>"; };
		B5E89331290073C5002AC30C /* LoginView.swift */ = {isa = PBXFileReference; lastKnownFileType = sourcecode.swift; path = LoginView.swift; sourceTree = "<group>"; };
		B5F4C3EA2BDF6CAC007CCFC9 /* TaskManager.swift */ = {isa = PBXFileReference; lastKnownFileType = sourcecode.swift; path = TaskManager.swift; sourceTree = "<group>"; };
		B5F4C3EC2BDF6DCD007CCFC9 /* SyncTaskDB.swift */ = {isa = PBXFileReference; lastKnownFileType = sourcecode.swift; path = SyncTaskDB.swift; sourceTree = "<group>"; };
		B5F4C3EE2BDF9A36007CCFC9 /* TasksList.swift */ = {isa = PBXFileReference; lastKnownFileType = sourcecode.swift; path = TasksList.swift; sourceTree = "<group>"; };
		B5F4C3F02BDF9B82007CCFC9 /* TasksListViewModel.swift */ = {isa = PBXFileReference; lastKnownFileType = sourcecode.swift; path = TasksListViewModel.swift; sourceTree = "<group>"; };
		B5F4C3F42BDFA233007CCFC9 /* TaskDetails.swift */ = {isa = PBXFileReference; lastKnownFileType = sourcecode.swift; path = TaskDetails.swift; sourceTree = "<group>"; };
		B5F5958F2B56C3A5004D57A4 /* CheckmarkPopover.swift */ = {isa = PBXFileReference; lastKnownFileType = sourcecode.swift; path = CheckmarkPopover.swift; sourceTree = "<group>"; };
		B5F595912B56D35F004D57A4 /* Settings.swift */ = {isa = PBXFileReference; lastKnownFileType = sourcecode.swift; path = Settings.swift; sourceTree = "<group>"; };
		B5F595932B56DBBE004D57A4 /* Coin.entitlements */ = {isa = PBXFileReference; lastKnownFileType = text.plist.entitlements; path = Coin.entitlements; sourceTree = "<group>"; };
		B5F595942B56F374004D57A4 /* Info.plist */ = {isa = PBXFileReference; lastKnownFileType = text.plist; path = Info.plist; sourceTree = "<group>"; };
		B5F9CC5F28F01CA80037A21A /* Coin.app */ = {isa = PBXFileReference; explicitFileType = wrapper.application; includeInIndex = 0; path = Coin.app; sourceTree = BUILT_PRODUCTS_DIR; };
		B5F9CC6228F01CA80037A21A /* CoinApp.swift */ = {isa = PBXFileReference; lastKnownFileType = sourcecode.swift; path = CoinApp.swift; sourceTree = "<group>"; };
		B5F9CC6628F01CA90037A21A /* Assets.xcassets */ = {isa = PBXFileReference; lastKnownFileType = folder.assetcatalog; path = Assets.xcassets; sourceTree = "<group>"; };
		B5F9CC6928F01CA90037A21A /* Preview Assets.xcassets */ = {isa = PBXFileReference; lastKnownFileType = folder.assetcatalog; path = "Preview Assets.xcassets"; sourceTree = "<group>"; };
		B5F9CC7028F01E1A0037A21A /* ContentView.swift */ = {isa = PBXFileReference; lastKnownFileType = sourcecode.swift; path = ContentView.swift; sourceTree = "<group>"; };
		B5FB6AA328F3D62D00C2A2AC /* TransactionsTab.swift */ = {isa = PBXFileReference; lastKnownFileType = sourcecode.swift; path = TransactionsTab.swift; sourceTree = "<group>"; };
		B5FB6AAD28F3D86000C2A2AC /* AccountsHomeView.swift */ = {isa = PBXFileReference; lastKnownFileType = sourcecode.swift; path = AccountsHomeView.swift; sourceTree = "<group>"; };
		B5FF351D2AEC091F007694F9 /* Defaults.swift */ = {isa = PBXFileReference; lastKnownFileType = sourcecode.swift; path = Defaults.swift; sourceTree = "<group>"; };
/* End PBXFileReference section */

/* Begin PBXFrameworksBuildPhase section */
		B5F9CC5C28F01CA80037A21A /* Frameworks */ = {
			isa = PBXFrameworksBuildPhase;
			buildActionMask = 2147483647;
			files = (
				B5B068EF2BAC6E5500AEEC98 /* GRDB in Frameworks */,
			);
			runOnlyForDeploymentPostprocessing = 0;
		};
/* End PBXFrameworksBuildPhase section */

/* Begin PBXGroup section */
		B50DBAD52BCD8CCC00A58B53 /* Chart */ = {
			isa = PBXGroup;
			children = (
				B50DBAD62BCD8CD900A58B53 /* ChartTab.swift */,
				B58CAB292BCFE6A200B472FA /* ChartView.swift */,
				B50DBAD82BCD8CF500A58B53 /* ChartViewModel.swift */,
			);
			path = Chart;
			sourceTree = "<group>";
		};
		B514D48B2BA477580019AED6 /* Database */ = {
			isa = PBXGroup;
			children = (
				B51CE1EC2BAC3E3900682D48 /* Model */,
				B51CE1F92BAC442F00682D48 /* Repository.swift */,
				B5B707232BA59A3700A07DB6 /* AppDatabase.swift */,
				B514D4912BA477A30019AED6 /* Persistense.swift */,
			);
			path = Database;
			sourceTree = "<group>";
		};
		B51CE1EC2BAC3E3900682D48 /* Model */ = {
			isa = PBXGroup;
			children = (
				B51CE1ED2BAC3F2700682D48 /* TransactionDB.swift */,
				B51CE1EF2BAC3FB100682D48 /* AccountDB.swift */,
				B51CE1F12BAC403800682D48 /* AccountGroupDB.swift */,
				B51CE1F52BAC40F600682D48 /* UserDB.swift */,
				B51CE1F32BAC40BB00682D48 /* CurrencyDB.swift */,
				B5744EA22BD2A579004C9AC7 /* IconDB.swift */,
				B5744EA92BD2DD7A004C9AC7 /* TagDB.swift */,
				B5744EAB2BD2DDC0004C9AC7 /* TagToTransactionDB.swift */,
				B5F4C3EC2BDF6DCD007CCFC9 /* SyncTaskDB.swift */,
				B56FB60E2BEA268300CBFB1E /* IDMappingDB.swift */,
			);
			path = Model;
			sourceTree = "<group>";
		};
		B54DA3A62BBD7996008A9FD1 /* Service */ = {
			isa = PBXGroup;
			children = (
				B51CE1EA2BAC37A000682D48 /* Service.swift */,
				B5F4C3EA2BDF6CAC007CCFC9 /* TaskManager.swift */,
			);
			path = Service;
			sourceTree = "<group>";
		};
		B559E9D42B00FA1700A430D2 /* General */ = {
			isa = PBXGroup;
			children = (
				B59F0F2828FDD4C200AA33A9 /* AccountGroupSelector.swift */,
				B5D6DE232BB1D96000A06D67 /* AccountGroupSelectorViewModel.swift */,
				B5E8932F28FF090B002AC30C /* SnapCarousel.swift */,
				B5B950562ADF261700798F8C /* QuickStatisticView.swift */,
				B512688E2BBAA1FF00B54572 /* QuickStatisticViewModel.swift */,
				B5B950442ADF16FF00798F8C /* Line.swift */,
			);
			path = General;
			sourceTree = "<group>";
		};
		B559E9D52B00FA9400A430D2 /* Accounts */ = {
			isa = PBXGroup;
			children = (
				B5024EB12AE1A20F00F60449 /* EditAccount.swift */,
				B51710072BB2D61000950EE0 /* EditAccountViewModel.swift */,
				B5B950482ADF17C400798F8C /* AccountCircles */,
				B5FB6AA528F3D67800C2A2AC /* AccountsHome */,
			);
			path = Accounts;
			sourceTree = "<group>";
		};
		B5610F0228FC9A270063AFEB /* Network */ = {
			isa = PBXGroup;
			children = (
				B59D458928FE537700773D46 /* Model */,
				B5610F0328FC9A420063AFEB /* TransactionAPI.swift */,
				B5D143B52906B4EC00875037 /* AuthAPI.swift */,
				B5D143B72906B4F800875037 /* AccountAPI.swift */,
				B557AA0D290D959F00631421 /* API.swift */,
				B504B7E42AE46EEB0078643A /* UserAPI.swift */,
				B5744E9A2BD29267004C9AC7 /* SettingsAPI.swift */,
				B5FF351D2AEC091F007694F9 /* Defaults.swift */,
				B5744EA52BD2DA9B004C9AC7 /* TagAPI.swift */,
			);
			path = Network;
			sourceTree = "<group>";
		};
		B56361A22B04FBE60044CDD8 /* Navigation */ = {
			isa = PBXGroup;
			children = (
				B56361A32B04FC000044CDD8 /* AppTabView.swift */,
			);
			path = Navigation;
			sourceTree = "<group>";
		};
		B59D458928FE537700773D46 /* Model */ = {
			isa = PBXGroup;
			children = (
				B5610EFC28FC98B50063AFEB /* TransactionModels.swift */,
				B5D143B12906A64000875037 /* ErrorModel.swift */,
				B5D143B32906A66400875037 /* AuthModels.swift */,
				B596E6092A278CC1007D7E6D /* AccountModels.swift */,
				B529280C2B0614D100C192CA /* UserModels.swift */,
				B5744E9C2BD29276004C9AC7 /* SettingsModels.swift */,
				B5744EA72BD2DAC5004C9AC7 /* TagModels.swift */,
			);
			path = Model;
			sourceTree = "<group>";
		};
		B59F0F1C28FDC74000AA33A9 /* Pkg */ = {
			isa = PBXGroup;
			children = (
				B5F5958F2B56C3A5004D57A4 /* CheckmarkPopover.swift */,
				B5CF7D332AE57A9B0086C0B6 /* CurrencyFormatter.swift */,
				B54DA3A72BBD7EE9008A9FD1 /* GetMonthPeriodFromDate.swift */,
				B54DA3A92BBD81D9008A9FD1 /* StripTime.swift */,
				B55EF9DC2BE2CFF5003C8882 /* Hasher.swift */,
			);
			path = Pkg;
			sourceTree = "<group>";
		};
		B5B950412ADF161900798F8C /* Budgets */ = {
			isa = PBXGroup;
			children = (
				B562FBFA2ADD63F2005E7C15 /* BudgetsList.swift */,
				B517100B2BB3218200950EE0 /* BudgetsListViewModel.swift */,
				B5B950422ADF16B300798F8C /* BudgetRow.swift */,
				B510BE8C2AE01A70002CDB54 /* BudgetBar.swift */,
				B510BE8E2AE03109002CDB54 /* BudgetDetails.swift */,
			);
			path = Budgets;
			sourceTree = "<group>";
		};
		B5B950482ADF17C400798F8C /* AccountCircles */ = {
			isa = PBXGroup;
			children = (
				B59F0F2528FDD30F00AA33A9 /* AccountCirclesView.swift */,
				B5D6DE272BB1E04000A06D67 /* AccountCirclesViewModel.swift */,
				B5B950522ADF24A900798F8C /* AccountCircleItem.swift */,
				B504B7E62AE526DA0078643A /* PlusNewAccount.swift */,
			);
			path = AccountCircles;
			sourceTree = "<group>";
		};
		B5B9504A2ADF182100798F8C /* Model */ = {
			isa = PBXGroup;
			children = (
				B5B068E12BAC6DC200AEEC98 /* Transaction.swift */,
				B5B068E32BAC6DD800AEEC98 /* Account.swift */,
				B5B068E52BAC6DEA00AEEC98 /* QuickStatistic.swift */,
				B5B068E72BAC6E0400AEEC98 /* AccountGroup.swift */,
				B5B068E92BAC6E1B00AEEC98 /* Currency.swift */,
				B5B068EB2BAC6E2600AEEC98 /* User.swift */,
				B5744EA02BD2A4BA004C9AC7 /* Icon.swift */,
				B5744EAD2BD2DE41004C9AC7 /* Tag.swift */,
				B56FB6102BEA343A00CBFB1E /* SyncTask.swift */,
			);
			path = Model;
			sourceTree = "<group>";
		};
		B5B9504D2ADF234F00798F8C /* Profile */ = {
			isa = PBXGroup;
			children = (
				B5B9504E2ADF235A00798F8C /* Profile.swift */,
				B5B068F02BAC70A100AEEC98 /* ProfileViewModel.swift */,
				B5E6C1932AF2AF9500097067 /* CurrencyRates.swift */,
				B51CE1FD2BAC478D00682D48 /* CurrencyRatesViewModel.swift */,
				B5C0C31B2AEAD9E70016990E /* HidedAccountsList.swift */,
				B57A6B862BBAC37200BDDEFE /* HidedAccountListViewModel.swift */,
				B5F595912B56D35F004D57A4 /* Settings.swift */,
				B5744E972BD29180004C9AC7 /* SettingsViewModel.swift */,
				B5F4C3EE2BDF9A36007CCFC9 /* TasksList.swift */,
				B5F4C3F02BDF9B82007CCFC9 /* TasksListViewModel.swift */,
				B5F4C3F42BDFA233007CCFC9 /* TaskDetails.swift */,
				B59650892BED547C009C6E52 /* TaskDetailsViewModel.swift */,
			);
			path = Profile;
			sourceTree = "<group>";
		};
		B5E89333290073D0002AC30C /* Login */ = {
			isa = PBXGroup;
			children = (
				B5E89331290073C5002AC30C /* LoginView.swift */,
			);
			path = Login;
			sourceTree = "<group>";
		};
		B5E8933829007C53002AC30C /* UI */ = {
			isa = PBXGroup;
			children = (
				B50DBAD52BCD8CCC00A58B53 /* Chart */,
				B5F9CC7028F01E1A0037A21A /* ContentView.swift */,
				B5E89333290073D0002AC30C /* Login */,
				B56361A22B04FBE60044CDD8 /* Navigation */,
				B559E9D42B00FA1700A430D2 /* General */,
				B559E9D52B00FA9400A430D2 /* Accounts */,
				B5B950412ADF161900798F8C /* Budgets */,
				B5FB6AA128F3D5EF00C2A2AC /* Transactions */,
				B5B9504D2ADF234F00798F8C /* Profile */,
			);
			path = UI;
			sourceTree = "<group>";
		};
		B5F9CC5628F01CA80037A21A = {
			isa = PBXGroup;
			children = (
				B58705752900956D004C77DD /* README.md */,
				B5F9CC6128F01CA80037A21A /* Coin */,
				B5F9CC6028F01CA80037A21A /* Products */,
			);
			sourceTree = "<group>";
		};
		B5F9CC6028F01CA80037A21A /* Products */ = {
			isa = PBXGroup;
			children = (
				B5F9CC5F28F01CA80037A21A /* Coin.app */,
			);
			name = Products;
			sourceTree = "<group>";
		};
		B5F9CC6128F01CA80037A21A /* Coin */ = {
			isa = PBXGroup;
			children = (
				B5F9CC6228F01CA80037A21A /* CoinApp.swift */,
				B5E8933829007C53002AC30C /* UI */,
				B5B9504A2ADF182100798F8C /* Model */,
				B54DA3A62BBD7996008A9FD1 /* Service */,
				B514D48B2BA477580019AED6 /* Database */,
				B5610F0228FC9A270063AFEB /* Network */,
				B59F0F1C28FDC74000AA33A9 /* Pkg */,
				B5F9CC6628F01CA90037A21A /* Assets.xcassets */,
				B531E6DD2AE30C3B00996520 /* Launch Screen.storyboard */,
				B5F9CC6828F01CA90037A21A /* Preview Content */,
				B5F595932B56DBBE004D57A4 /* Coin.entitlements */,
				B5F595942B56F374004D57A4 /* Info.plist */,
				B51CE1F72BAC431700682D48 /* AccountPermissions.swift */,
				B5744E9E2BD29C8B004C9AC7 /* FileStorageManager.swift */,
			);
			path = Coin;
			sourceTree = "<group>";
		};
		B5F9CC6828F01CA90037A21A /* Preview Content */ = {
			isa = PBXGroup;
			children = (
				B5F9CC6928F01CA90037A21A /* Preview Assets.xcassets */,
			);
			path = "Preview Content";
			sourceTree = "<group>";
		};
		B5FB6AA128F3D5EF00C2A2AC /* Transactions */ = {
			isa = PBXGroup;
			children = (
				B5FB6AA328F3D62D00C2A2AC /* TransactionsTab.swift */,
				B58CAB2B2BD02E0700B472FA /* TransactionsView.swift */,
				B50DBAD32BCD2D2600A58B53 /* TransactionsList.swift */,
				B5D6DE252BB1DBA800A06D67 /* TransactionsListViewModel.swift */,
				B5B950542ADF258700798F8C /* TransactionRow.swift */,
				B593F9542AE1CCB000378E17 /* EditTransaction.swift */,
				B51710092BB2E6BF00950EE0 /* EditTransactionViewModel.swift */,
				B54254842AF5218C008ECC33 /* TransactionFilterView.swift */,
				B55EF9DA2BE274D3003C8882 /* TransactionFilterViewModel.swift */,
				B54F3DAF2BD579FA00780460 /* TagsList.swift */,
				B54F3DB12BD57A0700780460 /* TagsListViewModel.swift */,
				B54F3DB32BD57D8900780460 /* EditTag.swift */,
				B54F3DB52BD57DBB00780460 /* EditTagViewModel.swift */,
			);
			path = Transactions;
			sourceTree = "<group>";
		};
		B5FB6AA528F3D67800C2A2AC /* AccountsHome */ = {
			isa = PBXGroup;
			children = (
				B5FB6AAD28F3D86000C2A2AC /* AccountsHomeView.swift */,
				B5D6DE212BB1D21E00A06D67 /* AccountHomeViewModel.swift */,
				B59F0F2028FDC7C000AA33A9 /* AccountCategoryView.swift */,
				B5B950582ADF274E00798F8C /* AccountCard.swift */,
			);
			path = AccountsHome;
			sourceTree = "<group>";
		};
/* End PBXGroup section */

/* Begin PBXNativeTarget section */
		B5F9CC5E28F01CA80037A21A /* Coin */ = {
			isa = PBXNativeTarget;
			buildConfigurationList = B5F9CC6D28F01CA90037A21A /* Build configuration list for PBXNativeTarget "Coin" */;
			buildPhases = (
				B5F9CC5B28F01CA80037A21A /* Sources */,
				B5F9CC5C28F01CA80037A21A /* Frameworks */,
				B5F9CC5D28F01CA80037A21A /* Resources */,
			);
			buildRules = (
			);
			dependencies = (
			);
			name = Coin;
			packageProductDependencies = (
				B5B068EE2BAC6E5500AEEC98 /* GRDB */,
			);
			productName = Coin;
			productReference = B5F9CC5F28F01CA80037A21A /* Coin.app */;
			productType = "com.apple.product-type.application";
		};
/* End PBXNativeTarget section */

/* Begin PBXProject section */
		B5F9CC5728F01CA80037A21A /* Project object */ = {
			isa = PBXProject;
			attributes = {
				BuildIndependentTargetsInParallel = 1;
				LastSwiftUpdateCheck = 1400;
				LastUpgradeCheck = 1500;
				TargetAttributes = {
					B5F9CC5E28F01CA80037A21A = {
						CreatedOnToolsVersion = 14.0.1;
					};
				};
			};
			buildConfigurationList = B5F9CC5A28F01CA80037A21A /* Build configuration list for PBXProject "Coin" */;
			compatibilityVersion = "Xcode 14.0";
			developmentRegion = ru;
			hasScannedForEncodings = 0;
			knownRegions = (
				ru,
			);
			mainGroup = B5F9CC5628F01CA80037A21A;
			packageReferences = (
				B5B068ED2BAC6E5500AEEC98 /* XCRemoteSwiftPackageReference "GRDB" */,
			);
			productRefGroup = B5F9CC6028F01CA80037A21A /* Products */;
			projectDirPath = "";
			projectRoot = "";
			targets = (
				B5F9CC5E28F01CA80037A21A /* Coin */,
			);
		};
/* End PBXProject section */

/* Begin PBXResourcesBuildPhase section */
		B5F9CC5D28F01CA80037A21A /* Resources */ = {
			isa = PBXResourcesBuildPhase;
			buildActionMask = 2147483647;
			files = (
				B58705762900956D004C77DD /* README.md in Resources */,
				B5F9CC6A28F01CA90037A21A /* Preview Assets.xcassets in Resources */,
				B531E6DE2AE30C3B00996520 /* Launch Screen.storyboard in Resources */,
				B5F9CC6728F01CA90037A21A /* Assets.xcassets in Resources */,
			);
			runOnlyForDeploymentPostprocessing = 0;
		};
/* End PBXResourcesBuildPhase section */

/* Begin PBXSourcesBuildPhase section */
		B5F9CC5B28F01CA80037A21A /* Sources */ = {
			isa = PBXSourcesBuildPhase;
			buildActionMask = 2147483647;
			files = (
				B59F0F2128FDC7C000AA33A9 /* AccountCategoryView.swift in Sources */,
				B5D143B82906B4F800875037 /* AccountAPI.swift in Sources */,
				B54F3DB42BD57D8900780460 /* EditTag.swift in Sources */,
				B51CE1F22BAC403800682D48 /* AccountGroupDB.swift in Sources */,
				B55EF9DD2BE2CFF5003C8882 /* Hasher.swift in Sources */,
				B596E60A2A278CC1007D7E6D /* AccountModels.swift in Sources */,
				B50DBAD72BCD8CD900A58B53 /* ChartTab.swift in Sources */,
				B562FBFB2ADD63F2005E7C15 /* BudgetsList.swift in Sources */,
				B5B707242BA59A3700A07DB6 /* AppDatabase.swift in Sources */,
				B5F4C3F52BDFA233007CCFC9 /* TaskDetails.swift in Sources */,
				B557AA0E290D959F00631421 /* API.swift in Sources */,
				B54F3DB22BD57A0700780460 /* TagsListViewModel.swift in Sources */,
				B54F3DB62BD57DBB00780460 /* EditTagViewModel.swift in Sources */,
				B5744E9D2BD29276004C9AC7 /* SettingsModels.swift in Sources */,
				B5B068EC2BAC6E2600AEEC98 /* User.swift in Sources */,
				B5F4C3ED2BDF6DCD007CCFC9 /* SyncTaskDB.swift in Sources */,
				B5B068E42BAC6DD800AEEC98 /* Account.swift in Sources */,
				B5024EB22AE1A20F00F60449 /* EditAccount.swift in Sources */,
				B517100C2BB3218200950EE0 /* BudgetsListViewModel.swift in Sources */,
				B51CE1FE2BAC478D00682D48 /* CurrencyRatesViewModel.swift in Sources */,
				B51CE1FA2BAC442F00682D48 /* Repository.swift in Sources */,
				B5744E9F2BD29C8B004C9AC7 /* FileStorageManager.swift in Sources */,
				B5FB6AAE28F3D86000C2A2AC /* AccountsHomeView.swift in Sources */,
				B5744EAE2BD2DE41004C9AC7 /* Tag.swift in Sources */,
				B54F3DB02BD579FA00780460 /* TagsList.swift in Sources */,
				B5B068F12BAC70A100AEEC98 /* ProfileViewModel.swift in Sources */,
				B5744EAC2BD2DDC0004C9AC7 /* TagToTransactionDB.swift in Sources */,
				B55EF9DB2BE274D3003C8882 /* TransactionFilterViewModel.swift in Sources */,
				B51CE1F02BAC3FB100682D48 /* AccountDB.swift in Sources */,
				B51CE1EB2BAC37A000682D48 /* Service.swift in Sources */,
				B5744EAA2BD2DD7A004C9AC7 /* TagDB.swift in Sources */,
				B54DA3AA2BBD81D9008A9FD1 /* StripTime.swift in Sources */,
				B529280D2B0614D100C192CA /* UserModels.swift in Sources */,
				B510BE8D2AE01A70002CDB54 /* BudgetBar.swift in Sources */,
				B51CE1EE2BAC3F2700682D48 /* TransactionDB.swift in Sources */,
				B5CF7D342AE57A9B0086C0B6 /* CurrencyFormatter.swift in Sources */,
				B5744EA62BD2DA9B004C9AC7 /* TagAPI.swift in Sources */,
				B504B7E52AE46EEB0078643A /* UserAPI.swift in Sources */,
				B5F4C3F12BDF9B82007CCFC9 /* TasksListViewModel.swift in Sources */,
				B54254852AF5218C008ECC33 /* TransactionFilterView.swift in Sources */,
				B59F0F2928FDD4C200AA33A9 /* AccountGroupSelector.swift in Sources */,
				B5E8933028FF090B002AC30C /* SnapCarousel.swift in Sources */,
				B50DBAD42BCD2D2600A58B53 /* TransactionsList.swift in Sources */,
				B5D143B62906B4EC00875037 /* AuthAPI.swift in Sources */,
				B5610EFD28FC98B50063AFEB /* TransactionModels.swift in Sources */,
				B5B950452ADF16FF00798F8C /* Line.swift in Sources */,
				B5D6DE282BB1E04000A06D67 /* AccountCirclesViewModel.swift in Sources */,
				B596508A2BED547C009C6E52 /* TaskDetailsViewModel.swift in Sources */,
				B5610F0428FC9A420063AFEB /* TransactionAPI.swift in Sources */,
				B510BE8F2AE03109002CDB54 /* BudgetDetails.swift in Sources */,
				B5D6DE242BB1D96000A06D67 /* AccountGroupSelectorViewModel.swift in Sources */,
				B5744E982BD29180004C9AC7 /* SettingsViewModel.swift in Sources */,
				B5744EA32BD2A579004C9AC7 /* IconDB.swift in Sources */,
				B5B068E82BAC6E0400AEEC98 /* AccountGroup.swift in Sources */,
				B5B068E22BAC6DC200AEEC98 /* Transaction.swift in Sources */,
				B5F9CC6328F01CA80037A21A /* CoinApp.swift in Sources */,
				B5C0C31C2AEAD9E70016990E /* HidedAccountsList.swift in Sources */,
				B58CAB2C2BD02E0700B472FA /* TransactionsView.swift in Sources */,
				B56FB6112BEA343A00CBFB1E /* SyncTask.swift in Sources */,
				B5D6DE262BB1DBA800A06D67 /* TransactionsListViewModel.swift in Sources */,
				B57A6B872BBAC37200BDDEFE /* HidedAccountListViewModel.swift in Sources */,
				B593F9552AE1CCB000378E17 /* EditTransaction.swift in Sources */,
				B5D143B42906A66400875037 /* AuthModels.swift in Sources */,
				B5B068EA2BAC6E1B00AEEC98 /* Currency.swift in Sources */,
				B58CAB2A2BCFE6A200B472FA /* ChartView.swift in Sources */,
				B5E6C1942AF2AF9500097067 /* CurrencyRates.swift in Sources */,
				B56361A42B04FC000044CDD8 /* AppTabView.swift in Sources */,
				B5E89332290073C5002AC30C /* LoginView.swift in Sources */,
				B56FB60F2BEA268300CBFB1E /* IDMappingDB.swift in Sources */,
				B5744EA12BD2A4BA004C9AC7 /* Icon.swift in Sources */,
				B5D143B22906A64000875037 /* ErrorModel.swift in Sources */,
				B51CE1F82BAC431700682D48 /* AccountPermissions.swift in Sources */,
				B51CE1F42BAC40BB00682D48 /* CurrencyDB.swift in Sources */,
				B5744EA82BD2DAC5004C9AC7 /* TagModels.swift in Sources */,
				B5B950552ADF258700798F8C /* TransactionRow.swift in Sources */,
				B5F4C3EF2BDF9A36007CCFC9 /* TasksList.swift in Sources */,
				B5FF351E2AEC091F007694F9 /* Defaults.swift in Sources */,
				B504B7E72AE526DA0078643A /* PlusNewAccount.swift in Sources */,
				B5B950592ADF274E00798F8C /* AccountCard.swift in Sources */,
				B5F595902B56C3A5004D57A4 /* CheckmarkPopover.swift in Sources */,
				B51CE1F62BAC40F600682D48 /* UserDB.swift in Sources */,
				B5F4C3EB2BDF6CAC007CCFC9 /* TaskManager.swift in Sources */,
				B5B9504F2ADF235A00798F8C /* Profile.swift in Sources */,
				B514D4922BA477A30019AED6 /* Persistense.swift in Sources */,
				B5D6DE222BB1D21E00A06D67 /* AccountHomeViewModel.swift in Sources */,
				B5B950572ADF261700798F8C /* QuickStatisticView.swift in Sources */,
				B5B950432ADF16B300798F8C /* BudgetRow.swift in Sources */,
				B54DA3A82BBD7EE9008A9FD1 /* GetMonthPeriodFromDate.swift in Sources */,
				B5F9CC7128F01E1A0037A21A /* ContentView.swift in Sources */,
				B59F0F2628FDD30F00AA33A9 /* AccountCirclesView.swift in Sources */,
				B51710082BB2D61000950EE0 /* EditAccountViewModel.swift in Sources */,
				B5F595922B56D35F004D57A4 /* Settings.swift in Sources */,
				B5B950532ADF24A900798F8C /* AccountCircleItem.swift in Sources */,
				B517100A2BB2E6BF00950EE0 /* EditTransactionViewModel.swift in Sources */,
				B5B068E62BAC6DEA00AEEC98 /* QuickStatistic.swift in Sources */,
				B50DBAD92BCD8CF500A58B53 /* ChartViewModel.swift in Sources */,
				B5FB6AA428F3D62D00C2A2AC /* TransactionsTab.swift in Sources */,
				B512688F2BBAA1FF00B54572 /* QuickStatisticViewModel.swift in Sources */,
				B5744E9B2BD29267004C9AC7 /* SettingsAPI.swift in Sources */,
			);
			runOnlyForDeploymentPostprocessing = 0;
		};
/* End PBXSourcesBuildPhase section */

/* Begin XCBuildConfiguration section */
		B5F9CC6B28F01CA90037A21A /* Debug */ = {
			isa = XCBuildConfiguration;
			buildSettings = {
				ALWAYS_SEARCH_USER_PATHS = NO;
				CLANG_ANALYZER_NONNULL = YES;
				CLANG_ANALYZER_NUMBER_OBJECT_CONVERSION = YES_AGGRESSIVE;
				CLANG_CXX_LANGUAGE_STANDARD = "gnu++20";
				CLANG_ENABLE_MODULES = YES;
				CLANG_ENABLE_OBJC_ARC = YES;
				CLANG_ENABLE_OBJC_WEAK = YES;
				CLANG_WARN_BLOCK_CAPTURE_AUTORELEASING = YES;
				CLANG_WARN_BOOL_CONVERSION = YES;
				CLANG_WARN_COMMA = YES;
				CLANG_WARN_CONSTANT_CONVERSION = YES;
				CLANG_WARN_DEPRECATED_OBJC_IMPLEMENTATIONS = YES;
				CLANG_WARN_DIRECT_OBJC_ISA_USAGE = YES_ERROR;
				CLANG_WARN_DOCUMENTATION_COMMENTS = YES;
				CLANG_WARN_EMPTY_BODY = YES;
				CLANG_WARN_ENUM_CONVERSION = YES;
				CLANG_WARN_INFINITE_RECURSION = YES;
				CLANG_WARN_INT_CONVERSION = YES;
				CLANG_WARN_NON_LITERAL_NULL_CONVERSION = YES;
				CLANG_WARN_OBJC_IMPLICIT_RETAIN_SELF = YES;
				CLANG_WARN_OBJC_LITERAL_CONVERSION = YES;
				CLANG_WARN_OBJC_ROOT_CLASS = YES_ERROR;
				CLANG_WARN_QUOTED_INCLUDE_IN_FRAMEWORK_HEADER = YES;
				CLANG_WARN_RANGE_LOOP_ANALYSIS = YES;
				CLANG_WARN_STRICT_PROTOTYPES = YES;
				CLANG_WARN_SUSPICIOUS_MOVE = YES;
				CLANG_WARN_UNGUARDED_AVAILABILITY = YES_AGGRESSIVE;
				CLANG_WARN_UNREACHABLE_CODE = YES;
				CLANG_WARN__DUPLICATE_METHOD_MATCH = YES;
				COPY_PHASE_STRIP = NO;
				DEBUG_INFORMATION_FORMAT = dwarf;
				ENABLE_STRICT_OBJC_MSGSEND = YES;
				ENABLE_TESTABILITY = YES;
				ENABLE_USER_SCRIPT_SANDBOXING = YES;
				GCC_C_LANGUAGE_STANDARD = gnu11;
				GCC_DYNAMIC_NO_PIC = NO;
				GCC_NO_COMMON_BLOCKS = YES;
				GCC_OPTIMIZATION_LEVEL = 0;
				GCC_PREPROCESSOR_DEFINITIONS = (
					"DEBUG=1",
					"$(inherited)",
				);
				GCC_WARN_64_TO_32_BIT_CONVERSION = YES;
				GCC_WARN_ABOUT_RETURN_TYPE = YES_ERROR;
				GCC_WARN_UNDECLARED_SELECTOR = YES;
				GCC_WARN_UNINITIALIZED_AUTOS = YES_AGGRESSIVE;
				GCC_WARN_UNUSED_FUNCTION = YES;
				GCC_WARN_UNUSED_VARIABLE = YES;
				IPHONEOS_DEPLOYMENT_TARGET = 17.0;
				MTL_ENABLE_DEBUG_INFO = INCLUDE_SOURCE;
				MTL_FAST_MATH = YES;
				ONLY_ACTIVE_ARCH = YES;
				SDKROOT = iphoneos;
				SWIFT_ACTIVE_COMPILATION_CONDITIONS = DEBUG;
				SWIFT_OPTIMIZATION_LEVEL = "-Onone";
			};
			name = Debug;
		};
		B5F9CC6C28F01CA90037A21A /* Release */ = {
			isa = XCBuildConfiguration;
			buildSettings = {
				ALWAYS_SEARCH_USER_PATHS = NO;
				CLANG_ANALYZER_NONNULL = YES;
				CLANG_ANALYZER_NUMBER_OBJECT_CONVERSION = YES_AGGRESSIVE;
				CLANG_CXX_LANGUAGE_STANDARD = "gnu++20";
				CLANG_ENABLE_MODULES = YES;
				CLANG_ENABLE_OBJC_ARC = YES;
				CLANG_ENABLE_OBJC_WEAK = YES;
				CLANG_WARN_BLOCK_CAPTURE_AUTORELEASING = YES;
				CLANG_WARN_BOOL_CONVERSION = YES;
				CLANG_WARN_COMMA = YES;
				CLANG_WARN_CONSTANT_CONVERSION = YES;
				CLANG_WARN_DEPRECATED_OBJC_IMPLEMENTATIONS = YES;
				CLANG_WARN_DIRECT_OBJC_ISA_USAGE = YES_ERROR;
				CLANG_WARN_DOCUMENTATION_COMMENTS = YES;
				CLANG_WARN_EMPTY_BODY = YES;
				CLANG_WARN_ENUM_CONVERSION = YES;
				CLANG_WARN_INFINITE_RECURSION = YES;
				CLANG_WARN_INT_CONVERSION = YES;
				CLANG_WARN_NON_LITERAL_NULL_CONVERSION = YES;
				CLANG_WARN_OBJC_IMPLICIT_RETAIN_SELF = YES;
				CLANG_WARN_OBJC_LITERAL_CONVERSION = YES;
				CLANG_WARN_OBJC_ROOT_CLASS = YES_ERROR;
				CLANG_WARN_QUOTED_INCLUDE_IN_FRAMEWORK_HEADER = YES;
				CLANG_WARN_RANGE_LOOP_ANALYSIS = YES;
				CLANG_WARN_STRICT_PROTOTYPES = YES;
				CLANG_WARN_SUSPICIOUS_MOVE = YES;
				CLANG_WARN_UNGUARDED_AVAILABILITY = YES_AGGRESSIVE;
				CLANG_WARN_UNREACHABLE_CODE = YES;
				CLANG_WARN__DUPLICATE_METHOD_MATCH = YES;
				COPY_PHASE_STRIP = NO;
				DEBUG_INFORMATION_FORMAT = "dwarf-with-dsym";
				ENABLE_NS_ASSERTIONS = NO;
				ENABLE_STRICT_OBJC_MSGSEND = YES;
				ENABLE_USER_SCRIPT_SANDBOXING = YES;
				GCC_C_LANGUAGE_STANDARD = gnu11;
				GCC_NO_COMMON_BLOCKS = YES;
				GCC_WARN_64_TO_32_BIT_CONVERSION = YES;
				GCC_WARN_ABOUT_RETURN_TYPE = YES_ERROR;
				GCC_WARN_UNDECLARED_SELECTOR = YES;
				GCC_WARN_UNINITIALIZED_AUTOS = YES_AGGRESSIVE;
				GCC_WARN_UNUSED_FUNCTION = YES;
				GCC_WARN_UNUSED_VARIABLE = YES;
				IPHONEOS_DEPLOYMENT_TARGET = 17.0;
				MTL_ENABLE_DEBUG_INFO = NO;
				MTL_FAST_MATH = YES;
				SDKROOT = iphoneos;
				SWIFT_COMPILATION_MODE = wholemodule;
				SWIFT_OPTIMIZATION_LEVEL = "-O";
				VALIDATE_PRODUCT = YES;
			};
			name = Release;
		};
		B5F9CC6E28F01CA90037A21A /* Debug */ = {
			isa = XCBuildConfiguration;
			buildSettings = {
				ASSETCATALOG_COMPILER_APPICON_NAME = AppIcon;
				ASSETCATALOG_COMPILER_GLOBAL_ACCENT_COLOR_NAME = AccentColor;
				CODE_SIGN_ENTITLEMENTS = Coin/Coin.entitlements;
				CODE_SIGN_IDENTITY = "Apple Development";
				CODE_SIGN_STYLE = Automatic;
				CURRENT_PROJECT_VERSION = 1;
				DEVELOPMENT_ASSET_PATHS = "\"Coin/Preview Content\"";
				DEVELOPMENT_TEAM = 235DAB995B;
				ENABLE_PREVIEWS = YES;
				GENERATE_INFOPLIST_FILE = YES;
				INFOPLIST_FILE = Coin/Info.plist;
				INFOPLIST_KEY_CFBundleDisplayName = Coin;
				INFOPLIST_KEY_LSApplicationCategoryType = "public.app-category.finance";
				INFOPLIST_KEY_UIApplicationSceneManifest_Generation = YES;
				INFOPLIST_KEY_UIApplicationSupportsIndirectInputEvents = YES;
				INFOPLIST_KEY_UILaunchScreen_Generation = YES;
				INFOPLIST_KEY_UILaunchStoryboardName = "Launch Screen.storyboard";
				INFOPLIST_KEY_UIRequiresFullScreen = NO;
				INFOPLIST_KEY_UISupportedInterfaceOrientations = UIInterfaceOrientationPortrait;
				INFOPLIST_KEY_UISupportedInterfaceOrientations_iPad = "UIInterfaceOrientationLandscapeLeft UIInterfaceOrientationLandscapeRight UIInterfaceOrientationPortrait UIInterfaceOrientationPortraitUpsideDown";
				IPHONEOS_DEPLOYMENT_TARGET = 17.0;
				LD_RUNPATH_SEARCH_PATHS = (
					"$(inherited)",
					"@executable_path/Frameworks",
				);
				MARKETING_VERSION = 1.1.0;
				PRODUCT_BUNDLE_IDENTIFIER = ilyaivanov.Coin;
				PRODUCT_NAME = "$(TARGET_NAME)";
				PROVISIONING_PROFILE_SPECIFIER = "";
				SWIFT_EMIT_LOC_STRINGS = YES;
				SWIFT_VERSION = 5.0;
				TARGETED_DEVICE_FAMILY = "1,2";
			};
			name = Debug;
		};
		B5F9CC6F28F01CA90037A21A /* Release */ = {
			isa = XCBuildConfiguration;
			buildSettings = {
				ASSETCATALOG_COMPILER_APPICON_NAME = AppIcon;
				ASSETCATALOG_COMPILER_GLOBAL_ACCENT_COLOR_NAME = AccentColor;
				CODE_SIGN_ENTITLEMENTS = Coin/Coin.entitlements;
				CODE_SIGN_IDENTITY = "Apple Development";
				CODE_SIGN_STYLE = Automatic;
				CURRENT_PROJECT_VERSION = 1;
				DEVELOPMENT_ASSET_PATHS = "\"Coin/Preview Content\"";
				DEVELOPMENT_TEAM = 235DAB995B;
				ENABLE_PREVIEWS = YES;
				GENERATE_INFOPLIST_FILE = YES;
				INFOPLIST_FILE = Coin/Info.plist;
				INFOPLIST_KEY_CFBundleDisplayName = Coin;
				INFOPLIST_KEY_LSApplicationCategoryType = "public.app-category.finance";
				INFOPLIST_KEY_UIApplicationSceneManifest_Generation = YES;
				INFOPLIST_KEY_UIApplicationSupportsIndirectInputEvents = YES;
				INFOPLIST_KEY_UILaunchScreen_Generation = YES;
				INFOPLIST_KEY_UILaunchStoryboardName = "Launch Screen.storyboard";
				INFOPLIST_KEY_UIRequiresFullScreen = NO;
				INFOPLIST_KEY_UISupportedInterfaceOrientations = UIInterfaceOrientationPortrait;
				INFOPLIST_KEY_UISupportedInterfaceOrientations_iPad = "UIInterfaceOrientationLandscapeLeft UIInterfaceOrientationLandscapeRight UIInterfaceOrientationPortrait UIInterfaceOrientationPortraitUpsideDown";
				IPHONEOS_DEPLOYMENT_TARGET = 17.0;
				LD_RUNPATH_SEARCH_PATHS = (
					"$(inherited)",
					"@executable_path/Frameworks",
				);
				MARKETING_VERSION = 1.1.0;
				PRODUCT_BUNDLE_IDENTIFIER = ilyaivanov.Coin;
				PRODUCT_NAME = "$(TARGET_NAME)";
				PROVISIONING_PROFILE_SPECIFIER = "";
				SWIFT_EMIT_LOC_STRINGS = YES;
				SWIFT_VERSION = 5.0;
				TARGETED_DEVICE_FAMILY = "1,2";
			};
			name = Release;
		};
/* End XCBuildConfiguration section */

/* Begin XCConfigurationList section */
		B5F9CC5A28F01CA80037A21A /* Build configuration list for PBXProject "Coin" */ = {
			isa = XCConfigurationList;
			buildConfigurations = (
				B5F9CC6B28F01CA90037A21A /* Debug */,
				B5F9CC6C28F01CA90037A21A /* Release */,
			);
			defaultConfigurationIsVisible = 0;
			defaultConfigurationName = Release;
		};
		B5F9CC6D28F01CA90037A21A /* Build configuration list for PBXNativeTarget "Coin" */ = {
			isa = XCConfigurationList;
			buildConfigurations = (
				B5F9CC6E28F01CA90037A21A /* Debug */,
				B5F9CC6F28F01CA90037A21A /* Release */,
			);
			defaultConfigurationIsVisible = 0;
			defaultConfigurationName = Release;
		};
/* End XCConfigurationList section */

/* Begin XCRemoteSwiftPackageReference section */
		B5B068ED2BAC6E5500AEEC98 /* XCRemoteSwiftPackageReference "GRDB" */ = {
			isa = XCRemoteSwiftPackageReference;
			repositoryURL = "https://github.com/groue/GRDB.swift";
			requirement = {
				branch = master;
				kind = branch;
			};
		};
/* End XCRemoteSwiftPackageReference section */

/* Begin XCSwiftPackageProductDependency section */
		B5B068EE2BAC6E5500AEEC98 /* GRDB */ = {
			isa = XCSwiftPackageProductDependency;
			package = B5B068ED2BAC6E5500AEEC98 /* XCRemoteSwiftPackageReference "GRDB" */;
			productName = GRDB;
		};
/* End XCSwiftPackageProductDependency section */
	};
	rootObject = B5F9CC5728F01CA80037A21A /* Project object */;
}
