// !$*UTF8*$!
{
	archiveVersion = 1;
	classes = {
	};
	objectVersion = 56;
	objects = {

/* Begin PBXBuildFile section */
		8C5D1D0E02693659B89CF570 /* Pods_Coin.framework in Frameworks */ = {isa = PBXBuildFile; fileRef = 62BAA91474EB46A26565A32A /* Pods_Coin.framework */; };
		B5610EF928FC88FE0063AFEB /* CreateTransactionView.swift in Sources */ = {isa = PBXBuildFile; fileRef = B5610EF828FC88FE0063AFEB /* CreateTransactionView.swift */; };
		B5610EFD28FC98B50063AFEB /* CreateTransactionModel.swift in Sources */ = {isa = PBXBuildFile; fileRef = B5610EFC28FC98B50063AFEB /* CreateTransactionModel.swift */; };
		B5610F0428FC9A420063AFEB /* APIs.swift in Sources */ = {isa = PBXBuildFile; fileRef = B5610F0328FC9A420063AFEB /* APIs.swift */; };
		B5610F0628FD24D70063AFEB /* UpdateTransactionView.swift in Sources */ = {isa = PBXBuildFile; fileRef = B5610F0528FD24D70063AFEB /* UpdateTransactionView.swift */; };
		B59D458B28FE77D400773D46 /* SearchBar.swift in Sources */ = {isa = PBXBuildFile; fileRef = B59D458A28FE77D400773D46 /* SearchBar.swift */; };
		B59F0F1F28FDC75A00AA33A9 /* Header.swift in Sources */ = {isa = PBXBuildFile; fileRef = B59F0F1E28FDC75A00AA33A9 /* Header.swift */; };
		B59F0F2128FDC7C000AA33A9 /* AccountTypeDetailsView.swift in Sources */ = {isa = PBXBuildFile; fileRef = B59F0F2028FDC7C000AA33A9 /* AccountTypeDetailsView.swift */; };
		B59F0F2628FDD30F00AA33A9 /* AccountCircleView.swift in Sources */ = {isa = PBXBuildFile; fileRef = B59F0F2528FDD30F00AA33A9 /* AccountCircleView.swift */; };
		B59F0F2928FDD4C200AA33A9 /* SelectAccountGroup.swift in Sources */ = {isa = PBXBuildFile; fileRef = B59F0F2828FDD4C200AA33A9 /* SelectAccountGroup.swift */; };
		B5C68BE929008554008E9D26 /* Alamofire in Frameworks */ = {isa = PBXBuildFile; productRef = B5C68BE829008554008E9D26 /* Alamofire */; };
		B5D57EE728F94774009605CF /* TransactionFilterView.swift in Sources */ = {isa = PBXBuildFile; fileRef = B5D57EE628F94774009605CF /* TransactionFilterView.swift */; };
		B5D57EE928F95AE2009605CF /* TransactionViewModel.swift in Sources */ = {isa = PBXBuildFile; fileRef = B5D57EE828F95AE2009605CF /* TransactionViewModel.swift */; };
		B5D57EED28F95E35009605CF /* AccountViewModel.swift in Sources */ = {isa = PBXBuildFile; fileRef = B5D57EEC28F95E35009605CF /* AccountViewModel.swift */; };
		B5D57EF028F95F96009605CF /* AccountFilterView.swift in Sources */ = {isa = PBXBuildFile; fileRef = B5D57EEF28F95F96009605CF /* AccountFilterView.swift */; };
		B5E8933028FF090B002AC30C /* SnapCarousel.swift in Sources */ = {isa = PBXBuildFile; fileRef = B5E8932F28FF090B002AC30C /* SnapCarousel.swift */; };
		B5E89332290073C5002AC30C /* LoginView.swift in Sources */ = {isa = PBXBuildFile; fileRef = B5E89331290073C5002AC30C /* LoginView.swift */; };
		B5E89335290073E1002AC30C /* LoginViewModel.swift in Sources */ = {isa = PBXBuildFile; fileRef = B5E89334290073E1002AC30C /* LoginViewModel.swift */; };
		B5E89337290074F4002AC30C /* TextField.swift in Sources */ = {isa = PBXBuildFile; fileRef = B5E89336290074F4002AC30C /* TextField.swift */; };
		B5F9CC6328F01CA80037A21A /* CoinApp.swift in Sources */ = {isa = PBXBuildFile; fileRef = B5F9CC6228F01CA80037A21A /* CoinApp.swift */; };
		B5F9CC6728F01CA90037A21A /* Assets.xcassets in Resources */ = {isa = PBXBuildFile; fileRef = B5F9CC6628F01CA90037A21A /* Assets.xcassets */; };
		B5F9CC6A28F01CA90037A21A /* Preview Assets.xcassets in Resources */ = {isa = PBXBuildFile; fileRef = B5F9CC6928F01CA90037A21A /* Preview Assets.xcassets */; };
		B5F9CC7128F01E1A0037A21A /* ContentView.swift in Sources */ = {isa = PBXBuildFile; fileRef = B5F9CC7028F01E1A0037A21A /* ContentView.swift */; };
		B5F9CC7328F01E4D0037A21A /* Transaction.swift in Sources */ = {isa = PBXBuildFile; fileRef = B5F9CC7228F01E4D0037A21A /* Transaction.swift */; };
		B5FB6AA428F3D62D00C2A2AC /* TransactionView.swift in Sources */ = {isa = PBXBuildFile; fileRef = B5FB6AA328F3D62D00C2A2AC /* TransactionView.swift */; };
		B5FB6AAA28F3D72300C2A2AC /* Account.swift in Sources */ = {isa = PBXBuildFile; fileRef = B5FB6AA928F3D72300C2A2AC /* Account.swift */; };
		B5FB6AAE28F3D86000C2A2AC /* AccountView.swift in Sources */ = {isa = PBXBuildFile; fileRef = B5FB6AAD28F3D86000C2A2AC /* AccountView.swift */; };
/* End PBXBuildFile section */

/* Begin PBXFileReference section */
		2F09A89FF6FCC24880EED71B /* Pods-Coin.debug.xcconfig */ = {isa = PBXFileReference; includeInIndex = 1; lastKnownFileType = text.xcconfig; name = "Pods-Coin.debug.xcconfig"; path = "Target Support Files/Pods-Coin/Pods-Coin.debug.xcconfig"; sourceTree = "<group>"; };
		5CAA8320505F494708DBCC82 /* Pods-Coin.release.xcconfig */ = {isa = PBXFileReference; includeInIndex = 1; lastKnownFileType = text.xcconfig; name = "Pods-Coin.release.xcconfig"; path = "Target Support Files/Pods-Coin/Pods-Coin.release.xcconfig"; sourceTree = "<group>"; };
		62BAA91474EB46A26565A32A /* Pods_Coin.framework */ = {isa = PBXFileReference; explicitFileType = wrapper.framework; includeInIndex = 0; path = Pods_Coin.framework; sourceTree = BUILT_PRODUCTS_DIR; };
		B5610EF828FC88FE0063AFEB /* CreateTransactionView.swift */ = {isa = PBXFileReference; lastKnownFileType = sourcecode.swift; path = CreateTransactionView.swift; sourceTree = "<group>"; };
		B5610EFC28FC98B50063AFEB /* CreateTransactionModel.swift */ = {isa = PBXFileReference; lastKnownFileType = sourcecode.swift; path = CreateTransactionModel.swift; sourceTree = "<group>"; };
		B5610F0328FC9A420063AFEB /* APIs.swift */ = {isa = PBXFileReference; lastKnownFileType = sourcecode.swift; path = APIs.swift; sourceTree = "<group>"; };
		B5610F0528FD24D70063AFEB /* UpdateTransactionView.swift */ = {isa = PBXFileReference; lastKnownFileType = sourcecode.swift; path = UpdateTransactionView.swift; sourceTree = "<group>"; };
		B59D458A28FE77D400773D46 /* SearchBar.swift */ = {isa = PBXFileReference; lastKnownFileType = sourcecode.swift; path = SearchBar.swift; sourceTree = "<group>"; };
		B59F0F1E28FDC75A00AA33A9 /* Header.swift */ = {isa = PBXFileReference; lastKnownFileType = sourcecode.swift; path = Header.swift; sourceTree = "<group>"; };
		B59F0F2028FDC7C000AA33A9 /* AccountTypeDetailsView.swift */ = {isa = PBXFileReference; lastKnownFileType = sourcecode.swift; path = AccountTypeDetailsView.swift; sourceTree = "<group>"; };
		B59F0F2528FDD30F00AA33A9 /* AccountCircleView.swift */ = {isa = PBXFileReference; lastKnownFileType = sourcecode.swift; path = AccountCircleView.swift; sourceTree = "<group>"; };
		B59F0F2828FDD4C200AA33A9 /* SelectAccountGroup.swift */ = {isa = PBXFileReference; lastKnownFileType = sourcecode.swift; path = SelectAccountGroup.swift; sourceTree = "<group>"; };
		B5D57EE628F94774009605CF /* TransactionFilterView.swift */ = {isa = PBXFileReference; lastKnownFileType = sourcecode.swift; path = TransactionFilterView.swift; sourceTree = "<group>"; };
		B5D57EE828F95AE2009605CF /* TransactionViewModel.swift */ = {isa = PBXFileReference; lastKnownFileType = sourcecode.swift; path = TransactionViewModel.swift; sourceTree = "<group>"; };
		B5D57EEC28F95E35009605CF /* AccountViewModel.swift */ = {isa = PBXFileReference; lastKnownFileType = sourcecode.swift; path = AccountViewModel.swift; sourceTree = "<group>"; };
		B5D57EEF28F95F96009605CF /* AccountFilterView.swift */ = {isa = PBXFileReference; lastKnownFileType = sourcecode.swift; path = AccountFilterView.swift; sourceTree = "<group>"; };
		B5E8932F28FF090B002AC30C /* SnapCarousel.swift */ = {isa = PBXFileReference; lastKnownFileType = sourcecode.swift; path = SnapCarousel.swift; sourceTree = "<group>"; };
		B5E89331290073C5002AC30C /* LoginView.swift */ = {isa = PBXFileReference; lastKnownFileType = sourcecode.swift; path = LoginView.swift; sourceTree = "<group>"; };
		B5E89334290073E1002AC30C /* LoginViewModel.swift */ = {isa = PBXFileReference; lastKnownFileType = sourcecode.swift; path = LoginViewModel.swift; sourceTree = "<group>"; };
		B5E89336290074F4002AC30C /* TextField.swift */ = {isa = PBXFileReference; lastKnownFileType = sourcecode.swift; path = TextField.swift; sourceTree = "<group>"; };
		B5F9CC5F28F01CA80037A21A /* Coin.app */ = {isa = PBXFileReference; explicitFileType = wrapper.application; includeInIndex = 0; path = Coin.app; sourceTree = BUILT_PRODUCTS_DIR; };
		B5F9CC6228F01CA80037A21A /* CoinApp.swift */ = {isa = PBXFileReference; lastKnownFileType = sourcecode.swift; path = CoinApp.swift; sourceTree = "<group>"; };
		B5F9CC6628F01CA90037A21A /* Assets.xcassets */ = {isa = PBXFileReference; lastKnownFileType = folder.assetcatalog; path = Assets.xcassets; sourceTree = "<group>"; };
		B5F9CC6928F01CA90037A21A /* Preview Assets.xcassets */ = {isa = PBXFileReference; lastKnownFileType = folder.assetcatalog; path = "Preview Assets.xcassets"; sourceTree = "<group>"; };
		B5F9CC7028F01E1A0037A21A /* ContentView.swift */ = {isa = PBXFileReference; lastKnownFileType = sourcecode.swift; path = ContentView.swift; sourceTree = "<group>"; };
		B5F9CC7228F01E4D0037A21A /* Transaction.swift */ = {isa = PBXFileReference; lastKnownFileType = sourcecode.swift; path = Transaction.swift; sourceTree = "<group>"; };
		B5FB6AA328F3D62D00C2A2AC /* TransactionView.swift */ = {isa = PBXFileReference; lastKnownFileType = sourcecode.swift; path = TransactionView.swift; sourceTree = "<group>"; };
		B5FB6AA928F3D72300C2A2AC /* Account.swift */ = {isa = PBXFileReference; lastKnownFileType = sourcecode.swift; path = Account.swift; sourceTree = "<group>"; };
		B5FB6AAD28F3D86000C2A2AC /* AccountView.swift */ = {isa = PBXFileReference; lastKnownFileType = sourcecode.swift; path = AccountView.swift; sourceTree = "<group>"; };
/* End PBXFileReference section */

/* Begin PBXFrameworksBuildPhase section */
		B5F9CC5C28F01CA80037A21A /* Frameworks */ = {
			isa = PBXFrameworksBuildPhase;
			buildActionMask = 2147483647;
			files = (
				8C5D1D0E02693659B89CF570 /* Pods_Coin.framework in Frameworks */,
				B5C68BE929008554008E9D26 /* Alamofire in Frameworks */,
			);
			runOnlyForDeploymentPostprocessing = 0;
		};
/* End PBXFrameworksBuildPhase section */

/* Begin PBXGroup section */
		B5610F0228FC9A270063AFEB /* Network */ = {
			isa = PBXGroup;
			children = (
				B59D458928FE537700773D46 /* Model */,
				B5610F0328FC9A420063AFEB /* APIs.swift */,
			);
			path = Network;
			sourceTree = "<group>";
		};
		B59D458928FE537700773D46 /* Model */ = {
			isa = PBXGroup;
			children = (
				B5610EFC28FC98B50063AFEB /* CreateTransactionModel.swift */,
			);
			path = Model;
			sourceTree = "<group>";
		};
		B59F0F1C28FDC74000AA33A9 /* Helpers */ = {
			isa = PBXGroup;
			children = (
				B59F0F1D28FDC74C00AA33A9 /* UI */,
			);
			path = Helpers;
			sourceTree = "<group>";
		};
		B59F0F1D28FDC74C00AA33A9 /* UI */ = {
			isa = PBXGroup;
			children = (
				B59F0F1E28FDC75A00AA33A9 /* Header.swift */,
				B59F0F2028FDC7C000AA33A9 /* AccountTypeDetailsView.swift */,
				B59F0F2828FDD4C200AA33A9 /* SelectAccountGroup.swift */,
				B59D458A28FE77D400773D46 /* SearchBar.swift */,
				B5E8932F28FF090B002AC30C /* SnapCarousel.swift */,
				B5E89336290074F4002AC30C /* TextField.swift */,
			);
			path = UI;
			sourceTree = "<group>";
		};
		B5D57EE528F94709009605CF /* Subview */ = {
			isa = PBXGroup;
			children = (
				B5610EF828FC88FE0063AFEB /* CreateTransactionView.swift */,
				B5D57EE628F94774009605CF /* TransactionFilterView.swift */,
				B5610F0528FD24D70063AFEB /* UpdateTransactionView.swift */,
			);
			path = Subview;
			sourceTree = "<group>";
		};
		B5D57EEA28F95DDF009605CF /* ViewModel */ = {
			isa = PBXGroup;
			children = (
				B5D57EE828F95AE2009605CF /* TransactionViewModel.swift */,
			);
			path = ViewModel;
			sourceTree = "<group>";
		};
		B5D57EEB28F95E28009605CF /* ViewModel */ = {
			isa = PBXGroup;
			children = (
				B5D57EEC28F95E35009605CF /* AccountViewModel.swift */,
			);
			path = ViewModel;
			sourceTree = "<group>";
		};
		B5D57EEE28F95F86009605CF /* Subview */ = {
			isa = PBXGroup;
			children = (
				B5D57EEF28F95F96009605CF /* AccountFilterView.swift */,
			);
			path = Subview;
			sourceTree = "<group>";
		};
		B5E89333290073D0002AC30C /* Login */ = {
			isa = PBXGroup;
			children = (
				B5E89331290073C5002AC30C /* LoginView.swift */,
				B5E89334290073E1002AC30C /* LoginViewModel.swift */,
			);
			path = Login;
			sourceTree = "<group>";
		};
		B5E8933829007C53002AC30C /* Views */ = {
			isa = PBXGroup;
			children = (
				B5E89333290073D0002AC30C /* Login */,
				B5F9CC7028F01E1A0037A21A /* ContentView.swift */,
				B5FB6AA528F3D67800C2A2AC /* Accounts */,
				B5FB6AA128F3D5EF00C2A2AC /* Transactions */,
			);
			path = Views;
			sourceTree = "<group>";
		};
		B5F9CC5628F01CA80037A21A = {
			isa = PBXGroup;
			children = (
				B5F9CC6128F01CA80037A21A /* Coin */,
				B5F9CC6028F01CA80037A21A /* Products */,
				C536E21C21BF92A2A346AB82 /* Frameworks */,
				CA2676535229FC6916B46DB1 /* Pods */,
			);
			sourceTree = "<group>";
		};
		B5F9CC6028F01CA80037A21A /* Products */ = {
			isa = PBXGroup;
			children = (
				B5F9CC5F28F01CA80037A21A /* Coin.app */,
			);
			name = Products;
			sourceTree = "<group>";
		};
		B5F9CC6128F01CA80037A21A /* Coin */ = {
			isa = PBXGroup;
			children = (
				B5E8933829007C53002AC30C /* Views */,
				B59F0F1C28FDC74000AA33A9 /* Helpers */,
				B5610F0228FC9A270063AFEB /* Network */,
				B5F9CC6228F01CA80037A21A /* CoinApp.swift */,
				B5F9CC6628F01CA90037A21A /* Assets.xcassets */,
				B5F9CC6828F01CA90037A21A /* Preview Content */,
			);
			path = Coin;
			sourceTree = "<group>";
		};
		B5F9CC6828F01CA90037A21A /* Preview Content */ = {
			isa = PBXGroup;
			children = (
				B5F9CC6928F01CA90037A21A /* Preview Assets.xcassets */,
			);
			path = "Preview Content";
			sourceTree = "<group>";
		};
		B5FB6A9F28F3D5C000C2A2AC /* Model */ = {
			isa = PBXGroup;
			children = (
				B5F9CC7228F01E4D0037A21A /* Transaction.swift */,
			);
			path = Model;
			sourceTree = "<group>";
		};
		B5FB6AA128F3D5EF00C2A2AC /* Transactions */ = {
			isa = PBXGroup;
			children = (
				B5D57EEA28F95DDF009605CF /* ViewModel */,
				B5FB6AA228F3D5FC00C2A2AC /* View */,
				B5FB6A9F28F3D5C000C2A2AC /* Model */,
			);
			path = Transactions;
			sourceTree = "<group>";
		};
		B5FB6AA228F3D5FC00C2A2AC /* View */ = {
			isa = PBXGroup;
			children = (
				B5D57EE528F94709009605CF /* Subview */,
				B5FB6AA328F3D62D00C2A2AC /* TransactionView.swift */,
			);
			path = View;
			sourceTree = "<group>";
		};
		B5FB6AA528F3D67800C2A2AC /* Accounts */ = {
			isa = PBXGroup;
			children = (
				B5D57EEB28F95E28009605CF /* ViewModel */,
				B5FB6AA828F3D6D800C2A2AC /* Model */,
				B5FB6AA628F3D6CC00C2A2AC /* View */,
			);
			path = Accounts;
			sourceTree = "<group>";
		};
		B5FB6AA628F3D6CC00C2A2AC /* View */ = {
			isa = PBXGroup;
			children = (
				B5D57EEE28F95F86009605CF /* Subview */,
				B5FB6AAD28F3D86000C2A2AC /* AccountView.swift */,
				B59F0F2528FDD30F00AA33A9 /* AccountCircleView.swift */,
			);
			path = View;
			sourceTree = "<group>";
		};
		B5FB6AA828F3D6D800C2A2AC /* Model */ = {
			isa = PBXGroup;
			children = (
				B5FB6AA928F3D72300C2A2AC /* Account.swift */,
			);
			path = Model;
			sourceTree = "<group>";
		};
		C536E21C21BF92A2A346AB82 /* Frameworks */ = {
			isa = PBXGroup;
			children = (
				62BAA91474EB46A26565A32A /* Pods_Coin.framework */,
			);
			name = Frameworks;
			sourceTree = "<group>";
		};
		CA2676535229FC6916B46DB1 /* Pods */ = {
			isa = PBXGroup;
			children = (
				2F09A89FF6FCC24880EED71B /* Pods-Coin.debug.xcconfig */,
				5CAA8320505F494708DBCC82 /* Pods-Coin.release.xcconfig */,
			);
			name = Pods;
			path = Pods;
			sourceTree = "<group>";
		};
/* End PBXGroup section */

/* Begin PBXNativeTarget section */
		B5F9CC5E28F01CA80037A21A /* Coin */ = {
			isa = PBXNativeTarget;
			buildConfigurationList = B5F9CC6D28F01CA90037A21A /* Build configuration list for PBXNativeTarget "Coin" */;
			buildPhases = (
				94F72D3F4478A636C3451B00 /* [CP] Check Pods Manifest.lock */,
				B5F9CC5B28F01CA80037A21A /* Sources */,
				B5F9CC5C28F01CA80037A21A /* Frameworks */,
				B5F9CC5D28F01CA80037A21A /* Resources */,
				4D49FF25BD5A85970115AD01 /* [CP] Embed Pods Frameworks */,
			);
			buildRules = (
			);
			dependencies = (
			);
			name = Coin;
			packageProductDependencies = (
				B5C68BE829008554008E9D26 /* Alamofire */,
			);
			productName = Coin;
			productReference = B5F9CC5F28F01CA80037A21A /* Coin.app */;
			productType = "com.apple.product-type.application";
		};
/* End PBXNativeTarget section */

/* Begin PBXProject section */
		B5F9CC5728F01CA80037A21A /* Project object */ = {
			isa = PBXProject;
			attributes = {
				BuildIndependentTargetsInParallel = 1;
				LastSwiftUpdateCheck = 1400;
				LastUpgradeCheck = 1400;
				TargetAttributes = {
					B5F9CC5E28F01CA80037A21A = {
						CreatedOnToolsVersion = 14.0.1;
					};
				};
			};
			buildConfigurationList = B5F9CC5A28F01CA80037A21A /* Build configuration list for PBXProject "Coin" */;
			compatibilityVersion = "Xcode 14.0";
			developmentRegion = en;
			hasScannedForEncodings = 0;
			knownRegions = (
				en,
				Base,
			);
			mainGroup = B5F9CC5628F01CA80037A21A;
			packageReferences = (
				B5C68BE729008554008E9D26 /* XCRemoteSwiftPackageReference "Alamofire.git" */,
			);
			productRefGroup = B5F9CC6028F01CA80037A21A /* Products */;
			projectDirPath = "";
			projectRoot = "";
			targets = (
				B5F9CC5E28F01CA80037A21A /* Coin */,
			);
		};
/* End PBXProject section */

/* Begin PBXResourcesBuildPhase section */
		B5F9CC5D28F01CA80037A21A /* Resources */ = {
			isa = PBXResourcesBuildPhase;
			buildActionMask = 2147483647;
			files = (
				B5F9CC6A28F01CA90037A21A /* Preview Assets.xcassets in Resources */,
				B5F9CC6728F01CA90037A21A /* Assets.xcassets in Resources */,
			);
			runOnlyForDeploymentPostprocessing = 0;
		};
/* End PBXResourcesBuildPhase section */

/* Begin PBXShellScriptBuildPhase section */
		4D49FF25BD5A85970115AD01 /* [CP] Embed Pods Frameworks */ = {
			isa = PBXShellScriptBuildPhase;
			buildActionMask = 2147483647;
			files = (
			);
			inputFileListPaths = (
				"${PODS_ROOT}/Target Support Files/Pods-Coin/Pods-Coin-frameworks-${CONFIGURATION}-input-files.xcfilelist",
			);
			name = "[CP] Embed Pods Frameworks";
			outputFileListPaths = (
				"${PODS_ROOT}/Target Support Files/Pods-Coin/Pods-Coin-frameworks-${CONFIGURATION}-output-files.xcfilelist",
			);
			runOnlyForDeploymentPostprocessing = 0;
			shellPath = /bin/sh;
			shellScript = "\"${PODS_ROOT}/Target Support Files/Pods-Coin/Pods-Coin-frameworks.sh\"\n";
			showEnvVarsInLog = 0;
		};
		94F72D3F4478A636C3451B00 /* [CP] Check Pods Manifest.lock */ = {
			isa = PBXShellScriptBuildPhase;
			buildActionMask = 2147483647;
			files = (
			);
			inputFileListPaths = (
			);
			inputPaths = (
				"${PODS_PODFILE_DIR_PATH}/Podfile.lock",
				"${PODS_ROOT}/Manifest.lock",
			);
			name = "[CP] Check Pods Manifest.lock";
			outputFileListPaths = (
			);
			outputPaths = (
				"$(DERIVED_FILE_DIR)/Pods-Coin-checkManifestLockResult.txt",
			);
			runOnlyForDeploymentPostprocessing = 0;
			shellPath = /bin/sh;
			shellScript = "diff \"${PODS_PODFILE_DIR_PATH}/Podfile.lock\" \"${PODS_ROOT}/Manifest.lock\" > /dev/null\nif [ $? != 0 ] ; then\n    # print error to STDERR\n    echo \"error: The sandbox is not in sync with the Podfile.lock. Run 'pod install' or update your CocoaPods installation.\" >&2\n    exit 1\nfi\n# This output is used by Xcode 'outputs' to avoid re-running this script phase.\necho \"SUCCESS\" > \"${SCRIPT_OUTPUT_FILE_0}\"\n";
			showEnvVarsInLog = 0;
		};
/* End PBXShellScriptBuildPhase section */

/* Begin PBXSourcesBuildPhase section */
		B5F9CC5B28F01CA80037A21A /* Sources */ = {
			isa = PBXSourcesBuildPhase;
			buildActionMask = 2147483647;
			files = (
				B59F0F2128FDC7C000AA33A9 /* AccountTypeDetailsView.swift in Sources */,
				B59F0F1F28FDC75A00AA33A9 /* Header.swift in Sources */,
				B5E89337290074F4002AC30C /* TextField.swift in Sources */,
				B5E89335290073E1002AC30C /* LoginViewModel.swift in Sources */,
				B5FB6AAA28F3D72300C2A2AC /* Account.swift in Sources */,
				B5610F0628FD24D70063AFEB /* UpdateTransactionView.swift in Sources */,
				B5D57EED28F95E35009605CF /* AccountViewModel.swift in Sources */,
				B5FB6AAE28F3D86000C2A2AC /* AccountView.swift in Sources */,
				B5610EF928FC88FE0063AFEB /* CreateTransactionView.swift in Sources */,
				B5D57EE928F95AE2009605CF /* TransactionViewModel.swift in Sources */,
				B59F0F2928FDD4C200AA33A9 /* SelectAccountGroup.swift in Sources */,
				B5E8933028FF090B002AC30C /* SnapCarousel.swift in Sources */,
				B5D57EF028F95F96009605CF /* AccountFilterView.swift in Sources */,
				B5610EFD28FC98B50063AFEB /* CreateTransactionModel.swift in Sources */,
				B5610F0428FC9A420063AFEB /* APIs.swift in Sources */,
				B5F9CC6328F01CA80037A21A /* CoinApp.swift in Sources */,
				B5D57EE728F94774009605CF /* TransactionFilterView.swift in Sources */,
				B5E89332290073C5002AC30C /* LoginView.swift in Sources */,
				B5F9CC7328F01E4D0037A21A /* Transaction.swift in Sources */,
				B59D458B28FE77D400773D46 /* SearchBar.swift in Sources */,
				B5F9CC7128F01E1A0037A21A /* ContentView.swift in Sources */,
				B59F0F2628FDD30F00AA33A9 /* AccountCircleView.swift in Sources */,
				B5FB6AA428F3D62D00C2A2AC /* TransactionView.swift in Sources */,
			);
			runOnlyForDeploymentPostprocessing = 0;
		};
/* End PBXSourcesBuildPhase section */

/* Begin XCBuildConfiguration section */
		B5F9CC6B28F01CA90037A21A /* Debug */ = {
			isa = XCBuildConfiguration;
			buildSettings = {
				ALWAYS_SEARCH_USER_PATHS = NO;
				CLANG_ANALYZER_NONNULL = YES;
				CLANG_ANALYZER_NUMBER_OBJECT_CONVERSION = YES_AGGRESSIVE;
				CLANG_CXX_LANGUAGE_STANDARD = "gnu++20";
				CLANG_ENABLE_MODULES = YES;
				CLANG_ENABLE_OBJC_ARC = YES;
				CLANG_ENABLE_OBJC_WEAK = YES;
				CLANG_WARN_BLOCK_CAPTURE_AUTORELEASING = YES;
				CLANG_WARN_BOOL_CONVERSION = YES;
				CLANG_WARN_COMMA = YES;
				CLANG_WARN_CONSTANT_CONVERSION = YES;
				CLANG_WARN_DEPRECATED_OBJC_IMPLEMENTATIONS = YES;
				CLANG_WARN_DIRECT_OBJC_ISA_USAGE = YES_ERROR;
				CLANG_WARN_DOCUMENTATION_COMMENTS = YES;
				CLANG_WARN_EMPTY_BODY = YES;
				CLANG_WARN_ENUM_CONVERSION = YES;
				CLANG_WARN_INFINITE_RECURSION = YES;
				CLANG_WARN_INT_CONVERSION = YES;
				CLANG_WARN_NON_LITERAL_NULL_CONVERSION = YES;
				CLANG_WARN_OBJC_IMPLICIT_RETAIN_SELF = YES;
				CLANG_WARN_OBJC_LITERAL_CONVERSION = YES;
				CLANG_WARN_OBJC_ROOT_CLASS = YES_ERROR;
				CLANG_WARN_QUOTED_INCLUDE_IN_FRAMEWORK_HEADER = YES;
				CLANG_WARN_RANGE_LOOP_ANALYSIS = YES;
				CLANG_WARN_STRICT_PROTOTYPES = YES;
				CLANG_WARN_SUSPICIOUS_MOVE = YES;
				CLANG_WARN_UNGUARDED_AVAILABILITY = YES_AGGRESSIVE;
				CLANG_WARN_UNREACHABLE_CODE = YES;
				CLANG_WARN__DUPLICATE_METHOD_MATCH = YES;
				COPY_PHASE_STRIP = NO;
				DEBUG_INFORMATION_FORMAT = dwarf;
				ENABLE_STRICT_OBJC_MSGSEND = YES;
				ENABLE_TESTABILITY = YES;
				GCC_C_LANGUAGE_STANDARD = gnu11;
				GCC_DYNAMIC_NO_PIC = NO;
				GCC_NO_COMMON_BLOCKS = YES;
				GCC_OPTIMIZATION_LEVEL = 0;
				GCC_PREPROCESSOR_DEFINITIONS = (
					"DEBUG=1",
					"$(inherited)",
				);
				GCC_WARN_64_TO_32_BIT_CONVERSION = YES;
				GCC_WARN_ABOUT_RETURN_TYPE = YES_ERROR;
				GCC_WARN_UNDECLARED_SELECTOR = YES;
				GCC_WARN_UNINITIALIZED_AUTOS = YES_AGGRESSIVE;
				GCC_WARN_UNUSED_FUNCTION = YES;
				GCC_WARN_UNUSED_VARIABLE = YES;
				IPHONEOS_DEPLOYMENT_TARGET = 16.0;
				MTL_ENABLE_DEBUG_INFO = INCLUDE_SOURCE;
				MTL_FAST_MATH = YES;
				ONLY_ACTIVE_ARCH = YES;
				SDKROOT = iphoneos;
				SWIFT_ACTIVE_COMPILATION_CONDITIONS = DEBUG;
				SWIFT_OPTIMIZATION_LEVEL = "-Onone";
			};
			name = Debug;
		};
		B5F9CC6C28F01CA90037A21A /* Release */ = {
			isa = XCBuildConfiguration;
			buildSettings = {
				ALWAYS_SEARCH_USER_PATHS = NO;
				CLANG_ANALYZER_NONNULL = YES;
				CLANG_ANALYZER_NUMBER_OBJECT_CONVERSION = YES_AGGRESSIVE;
				CLANG_CXX_LANGUAGE_STANDARD = "gnu++20";
				CLANG_ENABLE_MODULES = YES;
				CLANG_ENABLE_OBJC_ARC = YES;
				CLANG_ENABLE_OBJC_WEAK = YES;
				CLANG_WARN_BLOCK_CAPTURE_AUTORELEASING = YES;
				CLANG_WARN_BOOL_CONVERSION = YES;
				CLANG_WARN_COMMA = YES;
				CLANG_WARN_CONSTANT_CONVERSION = YES;
				CLANG_WARN_DEPRECATED_OBJC_IMPLEMENTATIONS = YES;
				CLANG_WARN_DIRECT_OBJC_ISA_USAGE = YES_ERROR;
				CLANG_WARN_DOCUMENTATION_COMMENTS = YES;
				CLANG_WARN_EMPTY_BODY = YES;
				CLANG_WARN_ENUM_CONVERSION = YES;
				CLANG_WARN_INFINITE_RECURSION = YES;
				CLANG_WARN_INT_CONVERSION = YES;
				CLANG_WARN_NON_LITERAL_NULL_CONVERSION = YES;
				CLANG_WARN_OBJC_IMPLICIT_RETAIN_SELF = YES;
				CLANG_WARN_OBJC_LITERAL_CONVERSION = YES;
				CLANG_WARN_OBJC_ROOT_CLASS = YES_ERROR;
				CLANG_WARN_QUOTED_INCLUDE_IN_FRAMEWORK_HEADER = YES;
				CLANG_WARN_RANGE_LOOP_ANALYSIS = YES;
				CLANG_WARN_STRICT_PROTOTYPES = YES;
				CLANG_WARN_SUSPICIOUS_MOVE = YES;
				CLANG_WARN_UNGUARDED_AVAILABILITY = YES_AGGRESSIVE;
				CLANG_WARN_UNREACHABLE_CODE = YES;
				CLANG_WARN__DUPLICATE_METHOD_MATCH = YES;
				COPY_PHASE_STRIP = NO;
				DEBUG_INFORMATION_FORMAT = "dwarf-with-dsym";
				ENABLE_NS_ASSERTIONS = NO;
				ENABLE_STRICT_OBJC_MSGSEND = YES;
				GCC_C_LANGUAGE_STANDARD = gnu11;
				GCC_NO_COMMON_BLOCKS = YES;
				GCC_WARN_64_TO_32_BIT_CONVERSION = YES;
				GCC_WARN_ABOUT_RETURN_TYPE = YES_ERROR;
				GCC_WARN_UNDECLARED_SELECTOR = YES;
				GCC_WARN_UNINITIALIZED_AUTOS = YES_AGGRESSIVE;
				GCC_WARN_UNUSED_FUNCTION = YES;
				GCC_WARN_UNUSED_VARIABLE = YES;
				IPHONEOS_DEPLOYMENT_TARGET = 16.0;
				MTL_ENABLE_DEBUG_INFO = NO;
				MTL_FAST_MATH = YES;
				SDKROOT = iphoneos;
				SWIFT_COMPILATION_MODE = wholemodule;
				SWIFT_OPTIMIZATION_LEVEL = "-O";
				VALIDATE_PRODUCT = YES;
			};
			name = Release;
		};
		B5F9CC6E28F01CA90037A21A /* Debug */ = {
			isa = XCBuildConfiguration;
			baseConfigurationReference = 2F09A89FF6FCC24880EED71B /* Pods-Coin.debug.xcconfig */;
			buildSettings = {
				ASSETCATALOG_COMPILER_APPICON_NAME = AppIcon;
				ASSETCATALOG_COMPILER_GLOBAL_ACCENT_COLOR_NAME = AccentColor;
				CODE_SIGN_STYLE = Automatic;
				CURRENT_PROJECT_VERSION = 1;
				DEVELOPMENT_ASSET_PATHS = "\"Coin/Preview Content\"";
				DEVELOPMENT_TEAM = 235DAB995B;
				ENABLE_PREVIEWS = YES;
				GENERATE_INFOPLIST_FILE = YES;
				INFOPLIST_KEY_UIApplicationSceneManifest_Generation = YES;
				INFOPLIST_KEY_UIApplicationSupportsIndirectInputEvents = YES;
				INFOPLIST_KEY_UILaunchScreen_Generation = YES;
				INFOPLIST_KEY_UISupportedInterfaceOrientations_iPad = "UIInterfaceOrientationPortrait UIInterfaceOrientationPortraitUpsideDown UIInterfaceOrientationLandscapeLeft UIInterfaceOrientationLandscapeRight";
				INFOPLIST_KEY_UISupportedInterfaceOrientations_iPhone = "UIInterfaceOrientationPortrait UIInterfaceOrientationLandscapeLeft UIInterfaceOrientationLandscapeRight";
				IPHONEOS_DEPLOYMENT_TARGET = 15.0;
				LD_RUNPATH_SEARCH_PATHS = (
					"$(inherited)",
					"@executable_path/Frameworks",
				);
				MARKETING_VERSION = 1.0;
				PRODUCT_BUNDLE_IDENTIFIER = ilyaivanov.Coin;
				PRODUCT_NAME = "$(TARGET_NAME)";
				SWIFT_EMIT_LOC_STRINGS = YES;
				SWIFT_VERSION = 5.0;
				TARGETED_DEVICE_FAMILY = "1,2";
			};
			name = Debug;
		};
		B5F9CC6F28F01CA90037A21A /* Release */ = {
			isa = XCBuildConfiguration;
			baseConfigurationReference = 5CAA8320505F494708DBCC82 /* Pods-Coin.release.xcconfig */;
			buildSettings = {
				ASSETCATALOG_COMPILER_APPICON_NAME = AppIcon;
				ASSETCATALOG_COMPILER_GLOBAL_ACCENT_COLOR_NAME = AccentColor;
				CODE_SIGN_STYLE = Automatic;
				CURRENT_PROJECT_VERSION = 1;
				DEVELOPMENT_ASSET_PATHS = "\"Coin/Preview Content\"";
				DEVELOPMENT_TEAM = 235DAB995B;
				ENABLE_PREVIEWS = YES;
				GENERATE_INFOPLIST_FILE = YES;
				INFOPLIST_KEY_UIApplicationSceneManifest_Generation = YES;
				INFOPLIST_KEY_UIApplicationSupportsIndirectInputEvents = YES;
				INFOPLIST_KEY_UILaunchScreen_Generation = YES;
				INFOPLIST_KEY_UISupportedInterfaceOrientations_iPad = "UIInterfaceOrientationPortrait UIInterfaceOrientationPortraitUpsideDown UIInterfaceOrientationLandscapeLeft UIInterfaceOrientationLandscapeRight";
				INFOPLIST_KEY_UISupportedInterfaceOrientations_iPhone = "UIInterfaceOrientationPortrait UIInterfaceOrientationLandscapeLeft UIInterfaceOrientationLandscapeRight";
				IPHONEOS_DEPLOYMENT_TARGET = 15.0;
				LD_RUNPATH_SEARCH_PATHS = (
					"$(inherited)",
					"@executable_path/Frameworks",
				);
				MARKETING_VERSION = 1.0;
				PRODUCT_BUNDLE_IDENTIFIER = ilyaivanov.Coin;
				PRODUCT_NAME = "$(TARGET_NAME)";
				SWIFT_EMIT_LOC_STRINGS = YES;
				SWIFT_VERSION = 5.0;
				TARGETED_DEVICE_FAMILY = "1,2";
			};
			name = Release;
		};
/* End XCBuildConfiguration section */

/* Begin XCConfigurationList section */
		B5F9CC5A28F01CA80037A21A /* Build configuration list for PBXProject "Coin" */ = {
			isa = XCConfigurationList;
			buildConfigurations = (
				B5F9CC6B28F01CA90037A21A /* Debug */,
				B5F9CC6C28F01CA90037A21A /* Release */,
			);
			defaultConfigurationIsVisible = 0;
			defaultConfigurationName = Release;
		};
		B5F9CC6D28F01CA90037A21A /* Build configuration list for PBXNativeTarget "Coin" */ = {
			isa = XCConfigurationList;
			buildConfigurations = (
				B5F9CC6E28F01CA90037A21A /* Debug */,
				B5F9CC6F28F01CA90037A21A /* Release */,
			);
			defaultConfigurationIsVisible = 0;
			defaultConfigurationName = Release;
		};
/* End XCConfigurationList section */

/* Begin XCRemoteSwiftPackageReference section */
		B5C68BE729008554008E9D26 /* XCRemoteSwiftPackageReference "Alamofire.git" */ = {
			isa = XCRemoteSwiftPackageReference;
			repositoryURL = "https://github.com/Alamofire/Alamofire.git";
			requirement = {
				kind = upToNextMajorVersion;
				minimumVersion = 5.0.0;
			};
		};
/* End XCRemoteSwiftPackageReference section */

/* Begin XCSwiftPackageProductDependency section */
		B5C68BE829008554008E9D26 /* Alamofire */ = {
			isa = XCSwiftPackageProductDependency;
			package = B5C68BE729008554008E9D26 /* XCRemoteSwiftPackageReference "Alamofire.git" */;
			productName = Alamofire;
		};
/* End XCSwiftPackageProductDependency section */
	};
	rootObject = B5F9CC5728F01CA80037A21A /* Project object */;
}
